// !$*UTF8*$!
{
	archiveVersion = 1;
	classes = {
	};
	objectVersion = 50;
	objects = {

/* Begin PBXBuildFile section */
		3233EBBC237F04C5009D2930 /* AppDelegate.m in Sources */ = {isa = PBXBuildFile; fileRef = 3233EBBB237F04C5009D2930 /* AppDelegate.m */; };
		3233EBBF237F04C5009D2930 /* SceneDelegate.m in Sources */ = {isa = PBXBuildFile; fileRef = 3233EBBE237F04C5009D2930 /* SceneDelegate.m */; };
		3233EBC5237F04C5009D2930 /* Main.storyboard in Resources */ = {isa = PBXBuildFile; fileRef = 3233EBC3237F04C5009D2930 /* Main.storyboard */; };
		3233EBC7237F04C8009D2930 /* Assets.xcassets in Resources */ = {isa = PBXBuildFile; fileRef = 3233EBC6237F04C8009D2930 /* Assets.xcassets */; };
		3233EBCA237F04C8009D2930 /* LaunchScreen.storyboard in Resources */ = {isa = PBXBuildFile; fileRef = 3233EBC8237F04C8009D2930 /* LaunchScreen.storyboard */; };
		3233EBCD237F04C8009D2930 /* main.m in Sources */ = {isa = PBXBuildFile; fileRef = 3233EBCC237F04C8009D2930 /* main.m */; };
		3233EBD7237F07D4009D2930 /* JLCTableViewController.m in Sources */ = {isa = PBXBuildFile; fileRef = 3233EBD6237F07D4009D2930 /* JLCTableViewController.m */; };
		3233EBDB237F07FC009D2930 /* JLCPokemonDetailViewController.swift in Sources */ = {isa = PBXBuildFile; fileRef = 3233EBDA237F07FC009D2930 /* JLCPokemonDetailViewController.swift */; };
		3233EBDD237F08E4009D2930 /* PokeController.swift in Sources */ = {isa = PBXBuildFile; fileRef = 3233EBDC237F08E4009D2930 /* PokeController.swift */; };
		3233EBE1237F0906009D2930 /* JLCPokemon.m in Sources */ = {isa = PBXBuildFile; fileRef = 3233EBE0237F0906009D2930 /* JLCPokemon.m */; };
/* End PBXBuildFile section */

/* Begin PBXFileReference section */
		3233EBB7237F04C5009D2930 /* Pokedex-objc-ST.app */ = {isa = PBXFileReference; explicitFileType = wrapper.application; includeInIndex = 0; path = "Pokedex-objc-ST.app"; sourceTree = BUILT_PRODUCTS_DIR; };
		3233EBBA237F04C5009D2930 /* AppDelegate.h */ = {isa = PBXFileReference; lastKnownFileType = sourcecode.c.h; path = AppDelegate.h; sourceTree = "<group>"; };
		3233EBBB237F04C5009D2930 /* AppDelegate.m */ = {isa = PBXFileReference; lastKnownFileType = sourcecode.c.objc; path = AppDelegate.m; sourceTree = "<group>"; };
		3233EBBD237F04C5009D2930 /* SceneDelegate.h */ = {isa = PBXFileReference; lastKnownFileType = sourcecode.c.h; path = SceneDelegate.h; sourceTree = "<group>"; };
		3233EBBE237F04C5009D2930 /* SceneDelegate.m */ = {isa = PBXFileReference; lastKnownFileType = sourcecode.c.objc; path = SceneDelegate.m; sourceTree = "<group>"; };
		3233EBC4237F04C5009D2930 /* Base */ = {isa = PBXFileReference; lastKnownFileType = file.storyboard; name = Base; path = Base.lproj/Main.storyboard; sourceTree = "<group>"; };
		3233EBC6237F04C8009D2930 /* Assets.xcassets */ = {isa = PBXFileReference; lastKnownFileType = folder.assetcatalog; path = Assets.xcassets; sourceTree = "<group>"; };
		3233EBC9237F04C8009D2930 /* Base */ = {isa = PBXFileReference; lastKnownFileType = file.storyboard; name = Base; path = Base.lproj/LaunchScreen.storyboard; sourceTree = "<group>"; };
		3233EBCB237F04C8009D2930 /* Info.plist */ = {isa = PBXFileReference; lastKnownFileType = text.plist.xml; path = Info.plist; sourceTree = "<group>"; };
		3233EBCC237F04C8009D2930 /* main.m */ = {isa = PBXFileReference; lastKnownFileType = sourcecode.c.objc; path = main.m; sourceTree = "<group>"; };
		3233EBD5237F07D4009D2930 /* JLCTableViewController.h */ = {isa = PBXFileReference; lastKnownFileType = sourcecode.c.h; path = JLCTableViewController.h; sourceTree = "<group>"; };
		3233EBD6237F07D4009D2930 /* JLCTableViewController.m */ = {isa = PBXFileReference; lastKnownFileType = sourcecode.c.objc; path = JLCTableViewController.m; sourceTree = "<group>"; };
		3233EBD9237F07FB009D2930 /* Pokedex-objc-ST-Bridging-Header.h */ = {isa = PBXFileReference; lastKnownFileType = sourcecode.c.h; path = "Pokedex-objc-ST-Bridging-Header.h"; sourceTree = "<group>"; };
		3233EBDA237F07FC009D2930 /* JLCPokemonDetailViewController.swift */ = {isa = PBXFileReference; lastKnownFileType = sourcecode.swift; path = JLCPokemonDetailViewController.swift; sourceTree = "<group>"; };
		3233EBDC237F08E4009D2930 /* PokeController.swift */ = {isa = PBXFileReference; lastKnownFileType = sourcecode.swift; path = PokeController.swift; sourceTree = "<group>"; };
		3233EBDF237F0906009D2930 /* JLCPokemon.h */ = {isa = PBXFileReference; lastKnownFileType = sourcecode.c.h; path = JLCPokemon.h; sourceTree = "<group>"; };
		3233EBE0237F0906009D2930 /* JLCPokemon.m */ = {isa = PBXFileReference; lastKnownFileType = sourcecode.c.objc; path = JLCPokemon.m; sourceTree = "<group>"; };
/* End PBXFileReference section */

/* Begin PBXFrameworksBuildPhase section */
		3233EBB4237F04C5009D2930 /* Frameworks */ = {
			isa = PBXFrameworksBuildPhase;
			buildActionMask = 2147483647;
			files = (
			);
			runOnlyForDeploymentPostprocessing = 0;
		};
/* End PBXFrameworksBuildPhase section */

/* Begin PBXGroup section */
		3233EBAE237F04C5009D2930 = {
			isa = PBXGroup;
			children = (
				3233EBB9237F04C5009D2930 /* Pokedex-objc-ST */,
				3233EBB8237F04C5009D2930 /* Products */,
			);
			sourceTree = "<group>";
		};
		3233EBB8237F04C5009D2930 /* Products */ = {
			isa = PBXGroup;
			children = (
				3233EBB7237F04C5009D2930 /* Pokedex-objc-ST.app */,
			);
			name = Products;
			sourceTree = "<group>";
		};
		3233EBB9237F04C5009D2930 /* Pokedex-objc-ST */ = {
			isa = PBXGroup;
			children = (
				3233EBE2237F090F009D2930 /* Models */,
				3233EBDE237F08E8009D2930 /* Model Controllers */,
				3233EBD8237F07DA009D2930 /* ViewControllers */,
				3233EBD4237F061C009D2930 /* Storyboards */,
				3233EBD3237F060F009D2930 /* Resources */,
			);
			path = "Pokedex-objc-ST";
			sourceTree = "<group>";
		};
		3233EBD3237F060F009D2930 /* Resources */ = {
			isa = PBXGroup;
			children = (
				3233EBC6237F04C8009D2930 /* Assets.xcassets */,
				3233EBBA237F04C5009D2930 /* AppDelegate.h */,
				3233EBBB237F04C5009D2930 /* AppDelegate.m */,
				3233EBBD237F04C5009D2930 /* SceneDelegate.h */,
				3233EBBE237F04C5009D2930 /* SceneDelegate.m */,
				3233EBCB237F04C8009D2930 /* Info.plist */,
				3233EBCC237F04C8009D2930 /* main.m */,
				3233EBD9237F07FB009D2930 /* Pokedex-objc-ST-Bridging-Header.h */,
			);
			path = Resources;
			sourceTree = "<group>";
		};
		3233EBD4237F061C009D2930 /* Storyboards */ = {
			isa = PBXGroup;
			children = (
				3233EBC3237F04C5009D2930 /* Main.storyboard */,
				3233EBC8237F04C8009D2930 /* LaunchScreen.storyboard */,
			);
			path = Storyboards;
			sourceTree = "<group>";
		};
		3233EBD8237F07DA009D2930 /* ViewControllers */ = {
			isa = PBXGroup;
			children = (
				3233EBD5237F07D4009D2930 /* JLCTableViewController.h */,
				3233EBD6237F07D4009D2930 /* JLCTableViewController.m */,
				3233EBDA237F07FC009D2930 /* JLCPokemonDetailViewController.swift */,
			);
			path = ViewControllers;
			sourceTree = "<group>";
		};
		3233EBDE237F08E8009D2930 /* Model Controllers */ = {
			isa = PBXGroup;
			children = (
				3233EBDC237F08E4009D2930 /* PokeController.swift */,
			);
			path = "Model Controllers";
			sourceTree = "<group>";
		};
		3233EBE2237F090F009D2930 /* Models */ = {
			isa = PBXGroup;
			children = (
				3233EBDF237F0906009D2930 /* JLCPokemon.h */,
				3233EBE0237F0906009D2930 /* JLCPokemon.m */,
			);
			path = Models;
			sourceTree = "<group>";
		};
/* End PBXGroup section */

/* Begin PBXNativeTarget section */
		3233EBB6237F04C5009D2930 /* Pokedex-objc-ST */ = {
			isa = PBXNativeTarget;
			buildConfigurationList = 3233EBD0237F04C8009D2930 /* Build configuration list for PBXNativeTarget "Pokedex-objc-ST" */;
			buildPhases = (
				3233EBB3237F04C5009D2930 /* Sources */,
				3233EBB4237F04C5009D2930 /* Frameworks */,
				3233EBB5237F04C5009D2930 /* Resources */,
			);
			buildRules = (
			);
			dependencies = (
			);
			name = "Pokedex-objc-ST";
			productName = "Pokedex-objc-ST";
			productReference = 3233EBB7237F04C5009D2930 /* Pokedex-objc-ST.app */;
			productType = "com.apple.product-type.application";
		};
/* End PBXNativeTarget section */

/* Begin PBXProject section */
		3233EBAF237F04C5009D2930 /* Project object */ = {
			isa = PBXProject;
			attributes = {
				CLASSPREFIX = JLC;
				LastUpgradeCheck = 1120;
				ORGANIZATIONNAME = "jake connerly";
				TargetAttributes = {
					3233EBB6237F04C5009D2930 = {
						CreatedOnToolsVersion = 11.2;
						LastSwiftMigration = 1120;
					};
				};
			};
			buildConfigurationList = 3233EBB2237F04C5009D2930 /* Build configuration list for PBXProject "Pokedex-objc-ST" */;
			compatibilityVersion = "Xcode 9.3";
			developmentRegion = en;
			hasScannedForEncodings = 0;
			knownRegions = (
				en,
				Base,
			);
			mainGroup = 3233EBAE237F04C5009D2930;
			productRefGroup = 3233EBB8237F04C5009D2930 /* Products */;
			projectDirPath = "";
			projectRoot = "";
			targets = (
				3233EBB6237F04C5009D2930 /* Pokedex-objc-ST */,
			);
		};
/* End PBXProject section */

/* Begin PBXResourcesBuildPhase section */
		3233EBB5237F04C5009D2930 /* Resources */ = {
			isa = PBXResourcesBuildPhase;
			buildActionMask = 2147483647;
			files = (
				3233EBCA237F04C8009D2930 /* LaunchScreen.storyboard in Resources */,
				3233EBC7237F04C8009D2930 /* Assets.xcassets in Resources */,
				3233EBC5237F04C5009D2930 /* Main.storyboard in Resources */,
			);
			runOnlyForDeploymentPostprocessing = 0;
		};
/* End PBXResourcesBuildPhase section */

/* Begin PBXSourcesBuildPhase section */
		3233EBB3237F04C5009D2930 /* Sources */ = {
			isa = PBXSourcesBuildPhase;
			buildActionMask = 2147483647;
			files = (
				3233EBE1237F0906009D2930 /* JLCPokemon.m in Sources */,
				3233EBBC237F04C5009D2930 /* AppDelegate.m in Sources */,
				3233EBCD237F04C8009D2930 /* main.m in Sources */,
				3233EBBF237F04C5009D2930 /* SceneDelegate.m in Sources */,
				3233EBD7237F07D4009D2930 /* JLCTableViewController.m in Sources */,
				3233EBDD237F08E4009D2930 /* PokeController.swift in Sources */,
				3233EBDB237F07FC009D2930 /* JLCPokemonDetailViewController.swift in Sources */,
			);
			runOnlyForDeploymentPostprocessing = 0;
		};
/* End PBXSourcesBuildPhase section */

/* Begin PBXVariantGroup section */
		3233EBC3237F04C5009D2930 /* Main.storyboard */ = {
			isa = PBXVariantGroup;
			children = (
				3233EBC4237F04C5009D2930 /* Base */,
			);
			name = Main.storyboard;
			sourceTree = "<group>";
		};
		3233EBC8237F04C8009D2930 /* LaunchScreen.storyboard */ = {
			isa = PBXVariantGroup;
			children = (
				3233EBC9237F04C8009D2930 /* Base */,
			);
			name = LaunchScreen.storyboard;
			sourceTree = "<group>";
		};
/* End PBXVariantGroup section */

/* Begin XCBuildConfiguration section */
		3233EBCE237F04C8009D2930 /* Debug */ = {
			isa = XCBuildConfiguration;
			buildSettings = {
				ALWAYS_SEARCH_USER_PATHS = NO;
				CLANG_ANALYZER_NONNULL = YES;
				CLANG_ANALYZER_NUMBER_OBJECT_CONVERSION = YES_AGGRESSIVE;
				CLANG_CXX_LANGUAGE_STANDARD = "gnu++14";
				CLANG_CXX_LIBRARY = "libc++";
				CLANG_ENABLE_MODULES = YES;
				CLANG_ENABLE_OBJC_ARC = YES;
				CLANG_ENABLE_OBJC_WEAK = YES;
				CLANG_WARN_BLOCK_CAPTURE_AUTORELEASING = YES;
				CLANG_WARN_BOOL_CONVERSION = YES;
				CLANG_WARN_COMMA = YES;
				CLANG_WARN_CONSTANT_CONVERSION = YES;
				CLANG_WARN_DEPRECATED_OBJC_IMPLEMENTATIONS = YES;
				CLANG_WARN_DIRECT_OBJC_ISA_USAGE = YES_ERROR;
				CLANG_WARN_DOCUMENTATION_COMMENTS = YES;
				CLANG_WARN_EMPTY_BODY = YES;
				CLANG_WARN_ENUM_CONVERSION = YES;
				CLANG_WARN_INFINITE_RECURSION = YES;
				CLANG_WARN_INT_CONVERSION = YES;
				CLANG_WARN_NON_LITERAL_NULL_CONVERSION = YES;
				CLANG_WARN_OBJC_IMPLICIT_RETAIN_SELF = YES;
				CLANG_WARN_OBJC_LITERAL_CONVERSION = YES;
				CLANG_WARN_OBJC_ROOT_CLASS = YES_ERROR;
				CLANG_WARN_RANGE_LOOP_ANALYSIS = YES;
				CLANG_WARN_STRICT_PROTOTYPES = YES;
				CLANG_WARN_SUSPICIOUS_MOVE = YES;
				CLANG_WARN_UNGUARDED_AVAILABILITY = YES_AGGRESSIVE;
				CLANG_WARN_UNREACHABLE_CODE = YES;
				CLANG_WARN__DUPLICATE_METHOD_MATCH = YES;
				COPY_PHASE_STRIP = NO;
				DEBUG_INFORMATION_FORMAT = dwarf;
				ENABLE_STRICT_OBJC_MSGSEND = YES;
				ENABLE_TESTABILITY = YES;
				GCC_C_LANGUAGE_STANDARD = gnu11;
				GCC_DYNAMIC_NO_PIC = NO;
				GCC_NO_COMMON_BLOCKS = YES;
				GCC_OPTIMIZATION_LEVEL = 0;
				GCC_PREPROCESSOR_DEFINITIONS = (
					"DEBUG=1",
					"$(inherited)",
				);
				GCC_WARN_64_TO_32_BIT_CONVERSION = YES;
				GCC_WARN_ABOUT_RETURN_TYPE = YES_ERROR;
				GCC_WARN_UNDECLARED_SELECTOR = YES;
				GCC_WARN_UNINITIALIZED_AUTOS = YES_AGGRESSIVE;
				GCC_WARN_UNUSED_FUNCTION = YES;
				GCC_WARN_UNUSED_VARIABLE = YES;
				IPHONEOS_DEPLOYMENT_TARGET = 13.2;
				MTL_ENABLE_DEBUG_INFO = INCLUDE_SOURCE;
				MTL_FAST_MATH = YES;
				ONLY_ACTIVE_ARCH = YES;
				SDKROOT = iphoneos;
			};
			name = Debug;
		};
		3233EBCF237F04C8009D2930 /* Release */ = {
			isa = XCBuildConfiguration;
			buildSettings = {
				ALWAYS_SEARCH_USER_PATHS = NO;
				CLANG_ANALYZER_NONNULL = YES;
				CLANG_ANALYZER_NUMBER_OBJECT_CONVERSION = YES_AGGRESSIVE;
				CLANG_CXX_LANGUAGE_STANDARD = "gnu++14";
				CLANG_CXX_LIBRARY = "libc++";
				CLANG_ENABLE_MODULES = YES;
				CLANG_ENABLE_OBJC_ARC = YES;
				CLANG_ENABLE_OBJC_WEAK = YES;
				CLANG_WARN_BLOCK_CAPTURE_AUTORELEASING = YES;
				CLANG_WARN_BOOL_CONVERSION = YES;
				CLANG_WARN_COMMA = YES;
				CLANG_WARN_CONSTANT_CONVERSION = YES;
				CLANG_WARN_DEPRECATED_OBJC_IMPLEMENTATIONS = YES;
				CLANG_WARN_DIRECT_OBJC_ISA_USAGE = YES_ERROR;
				CLANG_WARN_DOCUMENTATION_COMMENTS = YES;
				CLANG_WARN_EMPTY_BODY = YES;
				CLANG_WARN_ENUM_CONVERSION = YES;
				CLANG_WARN_INFINITE_RECURSION = YES;
				CLANG_WARN_INT_CONVERSION = YES;
				CLANG_WARN_NON_LITERAL_NULL_CONVERSION = YES;
				CLANG_WARN_OBJC_IMPLICIT_RETAIN_SELF = YES;
				CLANG_WARN_OBJC_LITERAL_CONVERSION = YES;
				CLANG_WARN_OBJC_ROOT_CLASS = YES_ERROR;
				CLANG_WARN_RANGE_LOOP_ANALYSIS = YES;
				CLANG_WARN_STRICT_PROTOTYPES = YES;
				CLANG_WARN_SUSPICIOUS_MOVE = YES;
				CLANG_WARN_UNGUARDED_AVAILABILITY = YES_AGGRESSIVE;
				CLANG_WARN_UNREACHABLE_CODE = YES;
				CLANG_WARN__DUPLICATE_METHOD_MATCH = YES;
				COPY_PHASE_STRIP = NO;
				DEBUG_INFORMATION_FORMAT = "dwarf-with-dsym";
				ENABLE_NS_ASSERTIONS = NO;
				ENABLE_STRICT_OBJC_MSGSEND = YES;
				GCC_C_LANGUAGE_STANDARD = gnu11;
				GCC_NO_COMMON_BLOCKS = YES;
				GCC_WARN_64_TO_32_BIT_CONVERSION = YES;
				GCC_WARN_ABOUT_RETURN_TYPE = YES_ERROR;
				GCC_WARN_UNDECLARED_SELECTOR = YES;
				GCC_WARN_UNINITIALIZED_AUTOS = YES_AGGRESSIVE;
				GCC_WARN_UNUSED_FUNCTION = YES;
				GCC_WARN_UNUSED_VARIABLE = YES;
				IPHONEOS_DEPLOYMENT_TARGET = 13.2;
				MTL_ENABLE_DEBUG_INFO = NO;
				MTL_FAST_MATH = YES;
				SDKROOT = iphoneos;
				VALIDATE_PRODUCT = YES;
			};
			name = Release;
		};
		3233EBD1237F04C8009D2930 /* Debug */ = {
			isa = XCBuildConfiguration;
			buildSettings = {
				ASSETCATALOG_COMPILER_APPICON_NAME = AppIcon;
				CLANG_ENABLE_MODULES = YES;
				CODE_SIGN_STYLE = Automatic;
				DEVELOPMENT_TEAM = YM84C6XKT7;
				INFOPLIST_FILE = "Pokedex-objc-ST/Resources/Info.plist";
				LD_RUNPATH_SEARCH_PATHS = (
					"$(inherited)",
					"@executable_path/Frameworks",
				);
				PRODUCT_BUNDLE_IDENTIFIER = "com.jakeconnerly.Pokedex-objc-ST";
				PRODUCT_NAME = "$(TARGET_NAME)";
				SWIFT_OBJC_BRIDGING_HEADER = "Pokedex-objc-ST/Resources/Pokedex-objc-ST-Bridging-Header.h";
				SWIFT_OPTIMIZATION_LEVEL = "-Onone";
				SWIFT_VERSION = 5.0;
				TARGETED_DEVICE_FAMILY = "1,2";
			};
			name = Debug;
		};
		3233EBD2237F04C8009D2930 /* Release */ = {
			isa = XCBuildConfiguration;
			buildSettings = {
				ASSETCATALOG_COMPILER_APPICON_NAME = AppIcon;
				CLANG_ENABLE_MODULES = YES;
				CODE_SIGN_STYLE = Automatic;
				DEVELOPMENT_TEAM = YM84C6XKT7;
				INFOPLIST_FILE = "Pokedex-objc-ST/Resources/Info.plist";
				LD_RUNPATH_SEARCH_PATHS = (
					"$(inherited)",
					"@executable_path/Frameworks",
				);
				PRODUCT_BUNDLE_IDENTIFIER = "com.jakeconnerly.Pokedex-objc-ST";
				PRODUCT_NAME = "$(TARGET_NAME)";
				SWIFT_OBJC_BRIDGING_HEADER = "Pokedex-objc-ST/Resources/Pokedex-objc-ST-Bridging-Header.h";
				SWIFT_VERSION = 5.0;
				TARGETED_DEVICE_FAMILY = "1,2";
			};
			name = Release;
		};
/* End XCBuildConfiguration section */

/* Begin XCConfigurationList section */
		3233EBB2237F04C5009D2930 /* Build configuration list for PBXProject "Pokedex-objc-ST" */ = {
			isa = XCConfigurationList;
			buildConfigurations = (
				3233EBCE237F04C8009D2930 /* Debug */,
				3233EBCF237F04C8009D2930 /* Release */,
			);
			defaultConfigurationIsVisible = 0;
			defaultConfigurationName = Release;
		};
		3233EBD0237F04C8009D2930 /* Build configuration list for PBXNativeTarget "Pokedex-objc-ST" */ = {
			isa = XCConfigurationList;
			buildConfigurations = (
				3233EBD1237F04C8009D2930 /* Debug */,
				3233EBD2237F04C8009D2930 /* Release */,
			);
			defaultConfigurationIsVisible = 0;
			defaultConfigurationName = Release;
		};
/* End XCConfigurationList section */
	};
	rootObject = 3233EBAF237F04C5009D2930 /* Project object */;
}
