// !$*UTF8*$!
{
	archiveVersion = 1;
	classes = {
	};
	objectVersion = 50;
	objects = {

/* Begin PBXBuildFile section */
		13A1416B247821750019373F /* AppDelegate.swift in Sources */ = {isa = PBXBuildFile; fileRef = 13A1416A247821750019373F /* AppDelegate.swift */; };
		13A1416D247821750019373F /* SceneDelegate.swift in Sources */ = {isa = PBXBuildFile; fileRef = 13A1416C247821750019373F /* SceneDelegate.swift */; };
		13A14172247821750019373F /* Main.storyboard in Resources */ = {isa = PBXBuildFile; fileRef = 13A14170247821750019373F /* Main.storyboard */; };
		13A14174247821770019373F /* Assets.xcassets in Resources */ = {isa = PBXBuildFile; fileRef = 13A14173247821770019373F /* Assets.xcassets */; };
		13A14177247821770019373F /* LaunchScreen.storyboard in Resources */ = {isa = PBXBuildFile; fileRef = 13A14175247821770019373F /* LaunchScreen.storyboard */; };
		13A14186247821F50019373F /* WAHPokedexTableViewController.m in Sources */ = {isa = PBXBuildFile; fileRef = 13A14185247821F50019373F /* WAHPokedexTableViewController.m */; };
		13A14189247822060019373F /* WAHPokemon.m in Sources */ = {isa = PBXBuildFile; fileRef = 13A14188247822060019373F /* WAHPokemon.m */; };
		13A1418E2478224C0019373F /* PokemonAPI.swift in Sources */ = {isa = PBXBuildFile; fileRef = 13A1418D2478224C0019373F /* PokemonAPI.swift */; };
		13F0E34B247830AA0022625A /* WAHPokemonDetailsViewController.m in Sources */ = {isa = PBXBuildFile; fileRef = 13F0E34A247830AA0022625A /* WAHPokemonDetailsViewController.m */; };
/* End PBXBuildFile section */

/* Begin PBXFileReference section */
		13A14167247821750019373F /* Pokedex ObjC.app */ = {isa = PBXFileReference; explicitFileType = wrapper.application; includeInIndex = 0; path = "Pokedex ObjC.app"; sourceTree = BUILT_PRODUCTS_DIR; };
		13A1416A247821750019373F /* AppDelegate.swift */ = {isa = PBXFileReference; lastKnownFileType = sourcecode.swift; path = AppDelegate.swift; sourceTree = "<group>"; };
		13A1416C247821750019373F /* SceneDelegate.swift */ = {isa = PBXFileReference; lastKnownFileType = sourcecode.swift; path = SceneDelegate.swift; sourceTree = "<group>"; };
		13A14171247821750019373F /* Base */ = {isa = PBXFileReference; lastKnownFileType = file.storyboard; name = Base; path = Base.lproj/Main.storyboard; sourceTree = "<group>"; };
		13A14173247821770019373F /* Assets.xcassets */ = {isa = PBXFileReference; lastKnownFileType = folder.assetcatalog; path = Assets.xcassets; sourceTree = "<group>"; };
		13A14176247821770019373F /* Base */ = {isa = PBXFileReference; lastKnownFileType = file.storyboard; name = Base; path = Base.lproj/LaunchScreen.storyboard; sourceTree = "<group>"; };
		13A14178247821770019373F /* Info.plist */ = {isa = PBXFileReference; lastKnownFileType = text.plist.xml; path = Info.plist; sourceTree = "<group>"; };
		13A14180247821D90019373F /* Pokedex ObjC-Bridging-Header.h */ = {isa = PBXFileReference; lastKnownFileType = sourcecode.c.h; path = "Pokedex ObjC-Bridging-Header.h"; sourceTree = "<group>"; };
		13A14184247821F50019373F /* WAHPokedexTableViewController.h */ = {isa = PBXFileReference; lastKnownFileType = sourcecode.c.h; path = WAHPokedexTableViewController.h; sourceTree = "<group>"; };
		13A14185247821F50019373F /* WAHPokedexTableViewController.m */ = {isa = PBXFileReference; lastKnownFileType = sourcecode.c.objc; path = WAHPokedexTableViewController.m; sourceTree = "<group>"; };
		13A14187247822060019373F /* WAHPokemon.h */ = {isa = PBXFileReference; lastKnownFileType = sourcecode.c.h; path = WAHPokemon.h; sourceTree = "<group>"; };
		13A14188247822060019373F /* WAHPokemon.m */ = {isa = PBXFileReference; lastKnownFileType = sourcecode.c.objc; path = WAHPokemon.m; sourceTree = "<group>"; };
		13A1418D2478224C0019373F /* PokemonAPI.swift */ = {isa = PBXFileReference; lastKnownFileType = sourcecode.swift; path = PokemonAPI.swift; sourceTree = "<group>"; };
		13F0E349247830AA0022625A /* WAHPokemonDetailsViewController.h */ = {isa = PBXFileReference; lastKnownFileType = sourcecode.c.h; path = WAHPokemonDetailsViewController.h; sourceTree = "<group>"; };
		13F0E34A247830AA0022625A /* WAHPokemonDetailsViewController.m */ = {isa = PBXFileReference; lastKnownFileType = sourcecode.c.objc; path = WAHPokemonDetailsViewController.m; sourceTree = "<group>"; };
/* End PBXFileReference section */

/* Begin PBXFrameworksBuildPhase section */
		13A14164247821750019373F /* Frameworks */ = {
			isa = PBXFrameworksBuildPhase;
			buildActionMask = 2147483647;
			files = (
			);
			runOnlyForDeploymentPostprocessing = 0;
		};
/* End PBXFrameworksBuildPhase section */

/* Begin PBXGroup section */
		13A1415E247821750019373F = {
			isa = PBXGroup;
			children = (
				13A14169247821750019373F /* Pokedex ObjC */,
				13A14168247821750019373F /* Products */,
				13A14180247821D90019373F /* Pokedex ObjC-Bridging-Header.h */,
			);
			sourceTree = "<group>";
		};
		13A14168247821750019373F /* Products */ = {
			isa = PBXGroup;
			children = (
				13A14167247821750019373F /* Pokedex ObjC.app */,
			);
			name = Products;
			sourceTree = "<group>";
		};
		13A14169247821750019373F /* Pokedex ObjC */ = {
			isa = PBXGroup;
			children = (
				13BA0FDC24782B0800223823 /* Model Controller */,
				13A1418C247822220019373F /* View Controllers */,
				13A1418B247822170019373F /* Models */,
				13A1417E247821910019373F /* Application */,
				13A1417F247821AA0019373F /* Storyboards */,
			);
			path = "Pokedex ObjC";
			sourceTree = "<group>";
		};
		13A1417E247821910019373F /* Application */ = {
			isa = PBXGroup;
			children = (
				13A1416A247821750019373F /* AppDelegate.swift */,
				13A1416C247821750019373F /* SceneDelegate.swift */,
				13A14173247821770019373F /* Assets.xcassets */,
				13A14175247821770019373F /* LaunchScreen.storyboard */,
				13A14178247821770019373F /* Info.plist */,
			);
			path = Application;
			sourceTree = "<group>";
		};
		13A1417F247821AA0019373F /* Storyboards */ = {
			isa = PBXGroup;
			children = (
				13A14170247821750019373F /* Main.storyboard */,
			);
			path = Storyboards;
			sourceTree = "<group>";
		};
		13A1418B247822170019373F /* Models */ = {
			isa = PBXGroup;
			children = (
				13A14187247822060019373F /* WAHPokemon.h */,
				13A14188247822060019373F /* WAHPokemon.m */,
			);
			path = Models;
			sourceTree = "<group>";
		};
		13A1418C247822220019373F /* View Controllers */ = {
			isa = PBXGroup;
			children = (
				13F0E349247830AA0022625A /* WAHPokemonDetailsViewController.h */,
				13F0E34A247830AA0022625A /* WAHPokemonDetailsViewController.m */,
				13A14184247821F50019373F /* WAHPokedexTableViewController.h */,
				13A14185247821F50019373F /* WAHPokedexTableViewController.m */,
			);
			path = "View Controllers";
			sourceTree = "<group>";
		};
		13BA0FDC24782B0800223823 /* Model Controller */ = {
			isa = PBXGroup;
			children = (
				13A1418D2478224C0019373F /* PokemonAPI.swift */,
			);
			path = "Model Controller";
			sourceTree = "<group>";
		};
/* End PBXGroup section */

/* Begin PBXNativeTarget section */
		13A14166247821750019373F /* Pokedex ObjC */ = {
			isa = PBXNativeTarget;
			buildConfigurationList = 13A1417B247821770019373F /* Build configuration list for PBXNativeTarget "Pokedex ObjC" */;
			buildPhases = (
				13A14163247821750019373F /* Sources */,
				13A14164247821750019373F /* Frameworks */,
				13A14165247821750019373F /* Resources */,
			);
			buildRules = (
			);
			dependencies = (
			);
			name = "Pokedex ObjC";
			productName = "Pokedex ObjC";
			productReference = 13A14167247821750019373F /* Pokedex ObjC.app */;
			productType = "com.apple.product-type.application";
		};
/* End PBXNativeTarget section */

/* Begin PBXProject section */
		13A1415F247821750019373F /* Project object */ = {
			isa = PBXProject;
			attributes = {
				LastSwiftUpdateCheck = 1140;
				LastUpgradeCheck = 1140;
				ORGANIZATIONNAME = "Wyatt Harrell";
				TargetAttributes = {
					13A14166247821750019373F = {
						CreatedOnToolsVersion = 11.4.1;
						LastSwiftMigration = 1140;
					};
				};
			};
			buildConfigurationList = 13A14162247821750019373F /* Build configuration list for PBXProject "Pokedex ObjC" */;
			compatibilityVersion = "Xcode 9.3";
			developmentRegion = en;
			hasScannedForEncodings = 0;
			knownRegions = (
				en,
				Base,
			);
			mainGroup = 13A1415E247821750019373F;
			productRefGroup = 13A14168247821750019373F /* Products */;
			projectDirPath = "";
			projectRoot = "";
			targets = (
				13A14166247821750019373F /* Pokedex ObjC */,
			);
		};
/* End PBXProject section */

/* Begin PBXResourcesBuildPhase section */
		13A14165247821750019373F /* Resources */ = {
			isa = PBXResourcesBuildPhase;
			buildActionMask = 2147483647;
			files = (
				13A14177247821770019373F /* LaunchScreen.storyboard in Resources */,
				13A14174247821770019373F /* Assets.xcassets in Resources */,
				13A14172247821750019373F /* Main.storyboard in Resources */,
			);
			runOnlyForDeploymentPostprocessing = 0;
		};
/* End PBXResourcesBuildPhase section */

/* Begin PBXSourcesBuildPhase section */
		13A14163247821750019373F /* Sources */ = {
			isa = PBXSourcesBuildPhase;
			buildActionMask = 2147483647;
			files = (
				13A14189247822060019373F /* WAHPokemon.m in Sources */,
				13A1416B247821750019373F /* AppDelegate.swift in Sources */,
				13F0E34B247830AA0022625A /* WAHPokemonDetailsViewController.m in Sources */,
				13A14186247821F50019373F /* WAHPokedexTableViewController.m in Sources */,
				13A1418E2478224C0019373F /* PokemonAPI.swift in Sources */,
				13A1416D247821750019373F /* SceneDelegate.swift in Sources */,
			);
			runOnlyForDeploymentPostprocessing = 0;
		};
/* End PBXSourcesBuildPhase section */

/* Begin PBXVariantGroup section */
		13A14170247821750019373F /* Main.storyboard */ = {
			isa = PBXVariantGroup;
			children = (
				13A14171247821750019373F /* Base */,
			);
			name = Main.storyboard;
			sourceTree = "<group>";
		};
		13A14175247821770019373F /* LaunchScreen.storyboard */ = {
			isa = PBXVariantGroup;
			children = (
				13A14176247821770019373F /* Base */,
			);
			name = LaunchScreen.storyboard;
			sourceTree = "<group>";
		};
/* End PBXVariantGroup section */

/* Begin XCBuildConfiguration section */
		13A14179247821770019373F /* Debug */ = {
			isa = XCBuildConfiguration;
			buildSettings = {
				ALWAYS_SEARCH_USER_PATHS = NO;
				CLANG_ANALYZER_NONNULL = YES;
				CLANG_ANALYZER_NUMBER_OBJECT_CONVERSION = YES_AGGRESSIVE;
				CLANG_CXX_LANGUAGE_STANDARD = "gnu++14";
				CLANG_CXX_LIBRARY = "libc++";
				CLANG_ENABLE_MODULES = YES;
				CLANG_ENABLE_OBJC_ARC = YES;
				CLANG_ENABLE_OBJC_WEAK = YES;
				CLANG_WARN_BLOCK_CAPTURE_AUTORELEASING = YES;
				CLANG_WARN_BOOL_CONVERSION = YES;
				CLANG_WARN_COMMA = YES;
				CLANG_WARN_CONSTANT_CONVERSION = YES;
				CLANG_WARN_DEPRECATED_OBJC_IMPLEMENTATIONS = YES;
				CLANG_WARN_DIRECT_OBJC_ISA_USAGE = YES_ERROR;
				CLANG_WARN_DOCUMENTATION_COMMENTS = YES;
				CLANG_WARN_EMPTY_BODY = YES;
				CLANG_WARN_ENUM_CONVERSION = YES;
				CLANG_WARN_INFINITE_RECURSION = YES;
				CLANG_WARN_INT_CONVERSION = YES;
				CLANG_WARN_NON_LITERAL_NULL_CONVERSION = YES;
				CLANG_WARN_OBJC_IMPLICIT_RETAIN_SELF = YES;
				CLANG_WARN_OBJC_LITERAL_CONVERSION = YES;
				CLANG_WARN_OBJC_ROOT_CLASS = YES_ERROR;
				CLANG_WARN_RANGE_LOOP_ANALYSIS = YES;
				CLANG_WARN_STRICT_PROTOTYPES = YES;
				CLANG_WARN_SUSPICIOUS_MOVE = YES;
				CLANG_WARN_UNGUARDED_AVAILABILITY = YES_AGGRESSIVE;
				CLANG_WARN_UNREACHABLE_CODE = YES;
				CLANG_WARN__DUPLICATE_METHOD_MATCH = YES;
				COPY_PHASE_STRIP = NO;
				DEBUG_INFORMATION_FORMAT = dwarf;
				ENABLE_STRICT_OBJC_MSGSEND = YES;
				ENABLE_TESTABILITY = YES;
				GCC_C_LANGUAGE_STANDARD = gnu11;
				GCC_DYNAMIC_NO_PIC = NO;
				GCC_NO_COMMON_BLOCKS = YES;
				GCC_OPTIMIZATION_LEVEL = 0;
				GCC_PREPROCESSOR_DEFINITIONS = (
					"DEBUG=1",
					"$(inherited)",
				);
				GCC_WARN_64_TO_32_BIT_CONVERSION = YES;
				GCC_WARN_ABOUT_RETURN_TYPE = YES_ERROR;
				GCC_WARN_UNDECLARED_SELECTOR = YES;
				GCC_WARN_UNINITIALIZED_AUTOS = YES_AGGRESSIVE;
				GCC_WARN_UNUSED_FUNCTION = YES;
				GCC_WARN_UNUSED_VARIABLE = YES;
				IPHONEOS_DEPLOYMENT_TARGET = 13.4;
				MTL_ENABLE_DEBUG_INFO = INCLUDE_SOURCE;
				MTL_FAST_MATH = YES;
				ONLY_ACTIVE_ARCH = YES;
				SDKROOT = iphoneos;
				SWIFT_ACTIVE_COMPILATION_CONDITIONS = DEBUG;
				SWIFT_OPTIMIZATION_LEVEL = "-Onone";
			};
			name = Debug;
		};
		13A1417A247821770019373F /* Release */ = {
			isa = XCBuildConfiguration;
			buildSettings = {
				ALWAYS_SEARCH_USER_PATHS = NO;
				CLANG_ANALYZER_NONNULL = YES;
				CLANG_ANALYZER_NUMBER_OBJECT_CONVERSION = YES_AGGRESSIVE;
				CLANG_CXX_LANGUAGE_STANDARD = "gnu++14";
				CLANG_CXX_LIBRARY = "libc++";
				CLANG_ENABLE_MODULES = YES;
				CLANG_ENABLE_OBJC_ARC = YES;
				CLANG_ENABLE_OBJC_WEAK = YES;
				CLANG_WARN_BLOCK_CAPTURE_AUTORELEASING = YES;
				CLANG_WARN_BOOL_CONVERSION = YES;
				CLANG_WARN_COMMA = YES;
				CLANG_WARN_CONSTANT_CONVERSION = YES;
				CLANG_WARN_DEPRECATED_OBJC_IMPLEMENTATIONS = YES;
				CLANG_WARN_DIRECT_OBJC_ISA_USAGE = YES_ERROR;
				CLANG_WARN_DOCUMENTATION_COMMENTS = YES;
				CLANG_WARN_EMPTY_BODY = YES;
				CLANG_WARN_ENUM_CONVERSION = YES;
				CLANG_WARN_INFINITE_RECURSION = YES;
				CLANG_WARN_INT_CONVERSION = YES;
				CLANG_WARN_NON_LITERAL_NULL_CONVERSION = YES;
				CLANG_WARN_OBJC_IMPLICIT_RETAIN_SELF = YES;
				CLANG_WARN_OBJC_LITERAL_CONVERSION = YES;
				CLANG_WARN_OBJC_ROOT_CLASS = YES_ERROR;
				CLANG_WARN_RANGE_LOOP_ANALYSIS = YES;
				CLANG_WARN_STRICT_PROTOTYPES = YES;
				CLANG_WARN_SUSPICIOUS_MOVE = YES;
				CLANG_WARN_UNGUARDED_AVAILABILITY = YES_AGGRESSIVE;
				CLANG_WARN_UNREACHABLE_CODE = YES;
				CLANG_WARN__DUPLICATE_METHOD_MATCH = YES;
				COPY_PHASE_STRIP = NO;
				DEBUG_INFORMATION_FORMAT = "dwarf-with-dsym";
				ENABLE_NS_ASSERTIONS = NO;
				ENABLE_STRICT_OBJC_MSGSEND = YES;
				GCC_C_LANGUAGE_STANDARD = gnu11;
				GCC_NO_COMMON_BLOCKS = YES;
				GCC_WARN_64_TO_32_BIT_CONVERSION = YES;
				GCC_WARN_ABOUT_RETURN_TYPE = YES_ERROR;
				GCC_WARN_UNDECLARED_SELECTOR = YES;
				GCC_WARN_UNINITIALIZED_AUTOS = YES_AGGRESSIVE;
				GCC_WARN_UNUSED_FUNCTION = YES;
				GCC_WARN_UNUSED_VARIABLE = YES;
				IPHONEOS_DEPLOYMENT_TARGET = 13.4;
				MTL_ENABLE_DEBUG_INFO = NO;
				MTL_FAST_MATH = YES;
				SDKROOT = iphoneos;
				SWIFT_COMPILATION_MODE = wholemodule;
				SWIFT_OPTIMIZATION_LEVEL = "-O";
				VALIDATE_PRODUCT = YES;
			};
			name = Release;
		};
		13A1417C247821770019373F /* Debug */ = {
			isa = XCBuildConfiguration;
			buildSettings = {
				ASSETCATALOG_COMPILER_APPICON_NAME = AppIcon;
				CLANG_ENABLE_MODULES = YES;
				CODE_SIGN_STYLE = Automatic;
				DEVELOPMENT_TEAM = 8TUR2W3V73;
				INFOPLIST_FILE = "Pokedex ObjC/Application/Info.plist";
				LD_RUNPATH_SEARCH_PATHS = (
					"$(inherited)",
					"@executable_path/Frameworks",
				);
				PRODUCT_BUNDLE_IDENTIFIER = "com.wyattharrell.Pokedex-ObjC";
				PRODUCT_NAME = "$(TARGET_NAME)";
				SWIFT_OBJC_BRIDGING_HEADER = "Pokedex ObjC-Bridging-Header.h";
				SWIFT_OPTIMIZATION_LEVEL = "-Onone";
				SWIFT_VERSION = 5.0;
				TARGETED_DEVICE_FAMILY = "1,2";
			};
			name = Debug;
		};
		13A1417D247821770019373F /* Release */ = {
			isa = XCBuildConfiguration;
			buildSettings = {
				ASSETCATALOG_COMPILER_APPICON_NAME = AppIcon;
				CLANG_ENABLE_MODULES = YES;
				CODE_SIGN_STYLE = Automatic;
				DEVELOPMENT_TEAM = 8TUR2W3V73;
				INFOPLIST_FILE = "Pokedex ObjC/Application/Info.plist";
				LD_RUNPATH_SEARCH_PATHS = (
					"$(inherited)",
					"@executable_path/Frameworks",
				);
				PRODUCT_BUNDLE_IDENTIFIER = "com.wyattharrell.Pokedex-ObjC";
				PRODUCT_NAME = "$(TARGET_NAME)";
				SWIFT_OBJC_BRIDGING_HEADER = "Pokedex ObjC-Bridging-Header.h";
				SWIFT_VERSION = 5.0;
				TARGETED_DEVICE_FAMILY = "1,2";
			};
			name = Release;
		};
/* End XCBuildConfiguration section */

/* Begin XCConfigurationList section */
		13A14162247821750019373F /* Build configuration list for PBXProject "Pokedex ObjC" */ = {
			isa = XCConfigurationList;
			buildConfigurations = (
				13A14179247821770019373F /* Debug */,
				13A1417A247821770019373F /* Release */,
			);
			defaultConfigurationIsVisible = 0;
			defaultConfigurationName = Release;
		};
		13A1417B247821770019373F /* Build configuration list for PBXNativeTarget "Pokedex ObjC" */ = {
			isa = XCConfigurationList;
			buildConfigurations = (
				13A1417C247821770019373F /* Debug */,
				13A1417D247821770019373F /* Release */,
			);
			defaultConfigurationIsVisible = 0;
			defaultConfigurationName = Release;
		};
/* End XCConfigurationList section */
	};
	rootObject = 13A1415F247821750019373F /* Project object */;
}
