// !$*UTF8*$!
{
	archiveVersion = 1;
	classes = {
	};
	objectVersion = 50;
	objects = {

/* Begin PBXBuildFile section */
		036041080B87A03F0E337DFD /* Pods_Pokejective_C.framework in Frameworks */ = {isa = PBXBuildFile; fileRef = ABCAC4A6CBD1A401862CEFA6 /* Pods_Pokejective_C.framework */; };
		1AE40157242E532500CF998B /* AppDelegate.m in Sources */ = {isa = PBXBuildFile; fileRef = 1AE40156242E532500CF998B /* AppDelegate.m */; };
		1AE4015A242E532500CF998B /* SceneDelegate.m in Sources */ = {isa = PBXBuildFile; fileRef = 1AE40159242E532500CF998B /* SceneDelegate.m */; };
		1AE40160242E532500CF998B /* Main.storyboard in Resources */ = {isa = PBXBuildFile; fileRef = 1AE4015E242E532500CF998B /* Main.storyboard */; };
		1AE40162242E532600CF998B /* Assets.xcassets in Resources */ = {isa = PBXBuildFile; fileRef = 1AE40161242E532600CF998B /* Assets.xcassets */; };
		1AE40165242E532600CF998B /* LaunchScreen.storyboard in Resources */ = {isa = PBXBuildFile; fileRef = 1AE40163242E532600CF998B /* LaunchScreen.storyboard */; };
		1AE40168242E532600CF998B /* main.m in Sources */ = {isa = PBXBuildFile; fileRef = 1AE40167242E532600CF998B /* main.m */; };
		1AE40172242E588400CF998B /* AMCPokemon.m in Sources */ = {isa = PBXBuildFile; fileRef = 1AE40171242E588400CF998B /* AMCPokemon.m */; };
/* End PBXBuildFile section */

/* Begin PBXFileReference section */
		1AE40152242E532500CF998B /* Pokejective-C.app */ = {isa = PBXFileReference; explicitFileType = wrapper.application; includeInIndex = 0; path = "Pokejective-C.app"; sourceTree = BUILT_PRODUCTS_DIR; };
		1AE40155242E532500CF998B /* AppDelegate.h */ = {isa = PBXFileReference; lastKnownFileType = sourcecode.c.h; path = AppDelegate.h; sourceTree = "<group>"; };
		1AE40156242E532500CF998B /* AppDelegate.m */ = {isa = PBXFileReference; lastKnownFileType = sourcecode.c.objc; path = AppDelegate.m; sourceTree = "<group>"; };
		1AE40158242E532500CF998B /* SceneDelegate.h */ = {isa = PBXFileReference; lastKnownFileType = sourcecode.c.h; path = SceneDelegate.h; sourceTree = "<group>"; };
		1AE40159242E532500CF998B /* SceneDelegate.m */ = {isa = PBXFileReference; lastKnownFileType = sourcecode.c.objc; path = SceneDelegate.m; sourceTree = "<group>"; };
		1AE4015F242E532500CF998B /* Base */ = {isa = PBXFileReference; lastKnownFileType = file.storyboard; name = Base; path = Base.lproj/Main.storyboard; sourceTree = "<group>"; };
		1AE40161242E532600CF998B /* Assets.xcassets */ = {isa = PBXFileReference; lastKnownFileType = folder.assetcatalog; path = Assets.xcassets; sourceTree = "<group>"; };
		1AE40164242E532600CF998B /* Base */ = {isa = PBXFileReference; lastKnownFileType = file.storyboard; name = Base; path = Base.lproj/LaunchScreen.storyboard; sourceTree = "<group>"; };
		1AE40166242E532600CF998B /* Info.plist */ = {isa = PBXFileReference; lastKnownFileType = text.plist.xml; path = Info.plist; sourceTree = "<group>"; };
		1AE40167242E532600CF998B /* main.m */ = {isa = PBXFileReference; lastKnownFileType = sourcecode.c.objc; path = main.m; sourceTree = "<group>"; };
		1AE40170242E588400CF998B /* AMCPokemon.h */ = {isa = PBXFileReference; lastKnownFileType = sourcecode.c.h; path = AMCPokemon.h; sourceTree = "<group>"; };
		1AE40171242E588400CF998B /* AMCPokemon.m */ = {isa = PBXFileReference; lastKnownFileType = sourcecode.c.objc; path = AMCPokemon.m; sourceTree = "<group>"; };
		586172DDF4AD15E84D199E14 /* Pods-Pokejective-C.release.xcconfig */ = {isa = PBXFileReference; includeInIndex = 1; lastKnownFileType = text.xcconfig; name = "Pods-Pokejective-C.release.xcconfig"; path = "Target Support Files/Pods-Pokejective-C/Pods-Pokejective-C.release.xcconfig"; sourceTree = "<group>"; };
		A6505B00389A819A996AEB8D /* Pods-Pokejective-C.debug.xcconfig */ = {isa = PBXFileReference; includeInIndex = 1; lastKnownFileType = text.xcconfig; name = "Pods-Pokejective-C.debug.xcconfig"; path = "Target Support Files/Pods-Pokejective-C/Pods-Pokejective-C.debug.xcconfig"; sourceTree = "<group>"; };
		ABCAC4A6CBD1A401862CEFA6 /* Pods_Pokejective_C.framework */ = {isa = PBXFileReference; explicitFileType = wrapper.framework; includeInIndex = 0; path = Pods_Pokejective_C.framework; sourceTree = BUILT_PRODUCTS_DIR; };
/* End PBXFileReference section */

/* Begin PBXFrameworksBuildPhase section */
		1AE4014F242E532500CF998B /* Frameworks */ = {
			isa = PBXFrameworksBuildPhase;
			buildActionMask = 2147483647;
			files = (
				036041080B87A03F0E337DFD /* Pods_Pokejective_C.framework in Frameworks */,
			);
			runOnlyForDeploymentPostprocessing = 0;
		};
/* End PBXFrameworksBuildPhase section */

/* Begin PBXGroup section */
		1AE40149242E532500CF998B = {
			isa = PBXGroup;
			children = (
				1AE40154242E532500CF998B /* Pokejective-C */,
				1AE40153242E532500CF998B /* Products */,
				60CEF0594316796DBFFFD951 /* Pods */,
				55666BB9A9E909C596C351B5 /* Frameworks */,
			);
			sourceTree = "<group>";
		};
		1AE40153242E532500CF998B /* Products */ = {
			isa = PBXGroup;
			children = (
				1AE40152242E532500CF998B /* Pokejective-C.app */,
			);
			name = Products;
			sourceTree = "<group>";
		};
		1AE40154242E532500CF998B /* Pokejective-C */ = {
			isa = PBXGroup;
			children = (
				1AE4016F242E586C00CF998B /* Model */,
				1AE40174242E5BE500CF998B /* Views */,
				1AE40175242E5BF100CF998B /* Controllers */,
				1AE4016E242E57E900CF998B /* Resources */,
			);
			path = "Pokejective-C";
			sourceTree = "<group>";
		};
		1AE4016E242E57E900CF998B /* Resources */ = {
			isa = PBXGroup;
			children = (
				1AE40155242E532500CF998B /* AppDelegate.h */,
				1AE40156242E532500CF998B /* AppDelegate.m */,
				1AE40158242E532500CF998B /* SceneDelegate.h */,
				1AE40159242E532500CF998B /* SceneDelegate.m */,
				1AE40161242E532600CF998B /* Assets.xcassets */,
				1AE40166242E532600CF998B /* Info.plist */,
				1AE40167242E532600CF998B /* main.m */,
			);
			path = Resources;
			sourceTree = "<group>";
		};
		1AE4016F242E586C00CF998B /* Model */ = {
			isa = PBXGroup;
			children = (
				1AE40170242E588400CF998B /* AMCPokemon.h */,
				1AE40171242E588400CF998B /* AMCPokemon.m */,
			);
			path = Model;
			sourceTree = "<group>";
		};
		1AE40173242E5BD300CF998B /* Model Controller */ = {
			isa = PBXGroup;
			children = (
			);
			path = "Model Controller";
			sourceTree = "<group>";
		};
		1AE40174242E5BE500CF998B /* Views */ = {
			isa = PBXGroup;
			children = (
				1AE4015E242E532500CF998B /* Main.storyboard */,
				1AE40163242E532600CF998B /* LaunchScreen.storyboard */,
			);
			path = Views;
			sourceTree = "<group>";
		};
		1AE40175242E5BF100CF998B /* Controllers */ = {
			isa = PBXGroup;
			children = (
				1AE40176242E5C0400CF998B /* View Controllers */,
				1AE40173242E5BD300CF998B /* Model Controller */,
			);
			path = Controllers;
			sourceTree = "<group>";
		};
		1AE40176242E5C0400CF998B /* View Controllers */ = {
			isa = PBXGroup;
			children = (
			);
			path = "View Controllers";
			sourceTree = "<group>";
		};
		55666BB9A9E909C596C351B5 /* Frameworks */ = {
			isa = PBXGroup;
			children = (
				ABCAC4A6CBD1A401862CEFA6 /* Pods_Pokejective_C.framework */,
			);
			name = Frameworks;
			sourceTree = "<group>";
		};
		60CEF0594316796DBFFFD951 /* Pods */ = {
			isa = PBXGroup;
			children = (
				A6505B00389A819A996AEB8D /* Pods-Pokejective-C.debug.xcconfig */,
				586172DDF4AD15E84D199E14 /* Pods-Pokejective-C.release.xcconfig */,
			);
			name = Pods;
			path = Pods;
			sourceTree = "<group>";
		};
/* End PBXGroup section */

/* Begin PBXNativeTarget section */
		1AE40151242E532500CF998B /* Pokejective-C */ = {
			isa = PBXNativeTarget;
			buildConfigurationList = 1AE4016B242E532600CF998B /* Build configuration list for PBXNativeTarget "Pokejective-C" */;
			buildPhases = (
				1F031ABF861401A8DE62926C /* [CP] Check Pods Manifest.lock */,
				1AE4014E242E532500CF998B /* Sources */,
				1AE4014F242E532500CF998B /* Frameworks */,
				1AE40150242E532500CF998B /* Resources */,
				0B6A32182419E28B18065E04 /* [CP] Embed Pods Frameworks */,
			);
			buildRules = (
			);
			dependencies = (
			);
			name = "Pokejective-C";
			productName = "Pokejective-C";
			productReference = 1AE40152242E532500CF998B /* Pokejective-C.app */;
			productType = "com.apple.product-type.application";
		};
/* End PBXNativeTarget section */

/* Begin PBXProject section */
		1AE4014A242E532500CF998B /* Project object */ = {
			isa = PBXProject;
			attributes = {
				LastUpgradeCheck = 1140;
				ORGANIZATIONNAME = "Aaron Cleveland";
				TargetAttributes = {
					1AE40151242E532500CF998B = {
						CreatedOnToolsVersion = 11.4;
					};
				};
			};
			buildConfigurationList = 1AE4014D242E532500CF998B /* Build configuration list for PBXProject "Pokejective-C" */;
			compatibilityVersion = "Xcode 9.3";
			developmentRegion = en;
			hasScannedForEncodings = 0;
			knownRegions = (
				en,
				Base,
			);
			mainGroup = 1AE40149242E532500CF998B;
			productRefGroup = 1AE40153242E532500CF998B /* Products */;
			projectDirPath = "";
			projectRoot = "";
			targets = (
				1AE40151242E532500CF998B /* Pokejective-C */,
			);
		};
/* End PBXProject section */

/* Begin PBXResourcesBuildPhase section */
		1AE40150242E532500CF998B /* Resources */ = {
			isa = PBXResourcesBuildPhase;
			buildActionMask = 2147483647;
			files = (
				1AE40165242E532600CF998B /* LaunchScreen.storyboard in Resources */,
				1AE40162242E532600CF998B /* Assets.xcassets in Resources */,
				1AE40160242E532500CF998B /* Main.storyboard in Resources */,
			);
			runOnlyForDeploymentPostprocessing = 0;
		};
/* End PBXResourcesBuildPhase section */

/* Begin PBXShellScriptBuildPhase section */
		0B6A32182419E28B18065E04 /* [CP] Embed Pods Frameworks */ = {
			isa = PBXShellScriptBuildPhase;
			buildActionMask = 2147483647;
			files = (
			);
			inputFileListPaths = (
				"${PODS_ROOT}/Target Support Files/Pods-Pokejective-C/Pods-Pokejective-C-frameworks-${CONFIGURATION}-input-files.xcfilelist",
			);
			name = "[CP] Embed Pods Frameworks";
			outputFileListPaths = (
				"${PODS_ROOT}/Target Support Files/Pods-Pokejective-C/Pods-Pokejective-C-frameworks-${CONFIGURATION}-output-files.xcfilelist",
			);
			runOnlyForDeploymentPostprocessing = 0;
			shellPath = /bin/sh;
			shellScript = "\"${PODS_ROOT}/Target Support Files/Pods-Pokejective-C/Pods-Pokejective-C-frameworks.sh\"\n";
			showEnvVarsInLog = 0;
		};
		1F031ABF861401A8DE62926C /* [CP] Check Pods Manifest.lock */ = {
			isa = PBXShellScriptBuildPhase;
			buildActionMask = 2147483647;
			files = (
			);
			inputFileListPaths = (
			);
			inputPaths = (
				"${PODS_PODFILE_DIR_PATH}/Podfile.lock",
				"${PODS_ROOT}/Manifest.lock",
			);
			name = "[CP] Check Pods Manifest.lock";
			outputFileListPaths = (
			);
			outputPaths = (
				"$(DERIVED_FILE_DIR)/Pods-Pokejective-C-checkManifestLockResult.txt",
			);
			runOnlyForDeploymentPostprocessing = 0;
			shellPath = /bin/sh;
			shellScript = "diff \"${PODS_PODFILE_DIR_PATH}/Podfile.lock\" \"${PODS_ROOT}/Manifest.lock\" > /dev/null\nif [ $? != 0 ] ; then\n    # print error to STDERR\n    echo \"error: The sandbox is not in sync with the Podfile.lock. Run 'pod install' or update your CocoaPods installation.\" >&2\n    exit 1\nfi\n# This output is used by Xcode 'outputs' to avoid re-running this script phase.\necho \"SUCCESS\" > \"${SCRIPT_OUTPUT_FILE_0}\"\n";
			showEnvVarsInLog = 0;
		};
/* End PBXShellScriptBuildPhase section */

/* Begin PBXSourcesBuildPhase section */
		1AE4014E242E532500CF998B /* Sources */ = {
			isa = PBXSourcesBuildPhase;
			buildActionMask = 2147483647;
			files = (
				1AE40157242E532500CF998B /* AppDelegate.m in Sources */,
				1AE40172242E588400CF998B /* AMCPokemon.m in Sources */,
				1AE40168242E532600CF998B /* main.m in Sources */,
				1AE4015A242E532500CF998B /* SceneDelegate.m in Sources */,
			);
			runOnlyForDeploymentPostprocessing = 0;
		};
/* End PBXSourcesBuildPhase section */

/* Begin PBXVariantGroup section */
		1AE4015E242E532500CF998B /* Main.storyboard */ = {
			isa = PBXVariantGroup;
			children = (
				1AE4015F242E532500CF998B /* Base */,
			);
			name = Main.storyboard;
			sourceTree = "<group>";
		};
		1AE40163242E532600CF998B /* LaunchScreen.storyboard */ = {
			isa = PBXVariantGroup;
			children = (
				1AE40164242E532600CF998B /* Base */,
			);
			name = LaunchScreen.storyboard;
			sourceTree = "<group>";
		};
/* End PBXVariantGroup section */

/* Begin XCBuildConfiguration section */
		1AE40169242E532600CF998B /* Debug */ = {
			isa = XCBuildConfiguration;
			buildSettings = {
				ALWAYS_SEARCH_USER_PATHS = NO;
				CLANG_ANALYZER_NONNULL = YES;
				CLANG_ANALYZER_NUMBER_OBJECT_CONVERSION = YES_AGGRESSIVE;
				CLANG_CXX_LANGUAGE_STANDARD = "gnu++14";
				CLANG_CXX_LIBRARY = "libc++";
				CLANG_ENABLE_MODULES = YES;
				CLANG_ENABLE_OBJC_ARC = YES;
				CLANG_ENABLE_OBJC_WEAK = YES;
				CLANG_WARN_BLOCK_CAPTURE_AUTORELEASING = YES;
				CLANG_WARN_BOOL_CONVERSION = YES;
				CLANG_WARN_COMMA = YES;
				CLANG_WARN_CONSTANT_CONVERSION = YES;
				CLANG_WARN_DEPRECATED_OBJC_IMPLEMENTATIONS = YES;
				CLANG_WARN_DIRECT_OBJC_ISA_USAGE = YES_ERROR;
				CLANG_WARN_DOCUMENTATION_COMMENTS = YES;
				CLANG_WARN_EMPTY_BODY = YES;
				CLANG_WARN_ENUM_CONVERSION = YES;
				CLANG_WARN_INFINITE_RECURSION = YES;
				CLANG_WARN_INT_CONVERSION = YES;
				CLANG_WARN_NON_LITERAL_NULL_CONVERSION = YES;
				CLANG_WARN_OBJC_IMPLICIT_RETAIN_SELF = YES;
				CLANG_WARN_OBJC_LITERAL_CONVERSION = YES;
				CLANG_WARN_OBJC_ROOT_CLASS = YES_ERROR;
				CLANG_WARN_RANGE_LOOP_ANALYSIS = YES;
				CLANG_WARN_STRICT_PROTOTYPES = YES;
				CLANG_WARN_SUSPICIOUS_MOVE = YES;
				CLANG_WARN_UNGUARDED_AVAILABILITY = YES_AGGRESSIVE;
				CLANG_WARN_UNREACHABLE_CODE = YES;
				CLANG_WARN__DUPLICATE_METHOD_MATCH = YES;
				COPY_PHASE_STRIP = NO;
				DEBUG_INFORMATION_FORMAT = dwarf;
				ENABLE_STRICT_OBJC_MSGSEND = YES;
				ENABLE_TESTABILITY = YES;
				GCC_C_LANGUAGE_STANDARD = gnu11;
				GCC_DYNAMIC_NO_PIC = NO;
				GCC_NO_COMMON_BLOCKS = YES;
				GCC_OPTIMIZATION_LEVEL = 0;
				GCC_PREPROCESSOR_DEFINITIONS = (
					"DEBUG=1",
					"$(inherited)",
				);
				GCC_WARN_64_TO_32_BIT_CONVERSION = YES;
				GCC_WARN_ABOUT_RETURN_TYPE = YES_ERROR;
				GCC_WARN_UNDECLARED_SELECTOR = YES;
				GCC_WARN_UNINITIALIZED_AUTOS = YES_AGGRESSIVE;
				GCC_WARN_UNUSED_FUNCTION = YES;
				GCC_WARN_UNUSED_VARIABLE = YES;
				IPHONEOS_DEPLOYMENT_TARGET = 13.4;
				MTL_ENABLE_DEBUG_INFO = INCLUDE_SOURCE;
				MTL_FAST_MATH = YES;
				ONLY_ACTIVE_ARCH = YES;
				SDKROOT = iphoneos;
			};
			name = Debug;
		};
		1AE4016A242E532600CF998B /* Release */ = {
			isa = XCBuildConfiguration;
			buildSettings = {
				ALWAYS_SEARCH_USER_PATHS = NO;
				CLANG_ANALYZER_NONNULL = YES;
				CLANG_ANALYZER_NUMBER_OBJECT_CONVERSION = YES_AGGRESSIVE;
				CLANG_CXX_LANGUAGE_STANDARD = "gnu++14";
				CLANG_CXX_LIBRARY = "libc++";
				CLANG_ENABLE_MODULES = YES;
				CLANG_ENABLE_OBJC_ARC = YES;
				CLANG_ENABLE_OBJC_WEAK = YES;
				CLANG_WARN_BLOCK_CAPTURE_AUTORELEASING = YES;
				CLANG_WARN_BOOL_CONVERSION = YES;
				CLANG_WARN_COMMA = YES;
				CLANG_WARN_CONSTANT_CONVERSION = YES;
				CLANG_WARN_DEPRECATED_OBJC_IMPLEMENTATIONS = YES;
				CLANG_WARN_DIRECT_OBJC_ISA_USAGE = YES_ERROR;
				CLANG_WARN_DOCUMENTATION_COMMENTS = YES;
				CLANG_WARN_EMPTY_BODY = YES;
				CLANG_WARN_ENUM_CONVERSION = YES;
				CLANG_WARN_INFINITE_RECURSION = YES;
				CLANG_WARN_INT_CONVERSION = YES;
				CLANG_WARN_NON_LITERAL_NULL_CONVERSION = YES;
				CLANG_WARN_OBJC_IMPLICIT_RETAIN_SELF = YES;
				CLANG_WARN_OBJC_LITERAL_CONVERSION = YES;
				CLANG_WARN_OBJC_ROOT_CLASS = YES_ERROR;
				CLANG_WARN_RANGE_LOOP_ANALYSIS = YES;
				CLANG_WARN_STRICT_PROTOTYPES = YES;
				CLANG_WARN_SUSPICIOUS_MOVE = YES;
				CLANG_WARN_UNGUARDED_AVAILABILITY = YES_AGGRESSIVE;
				CLANG_WARN_UNREACHABLE_CODE = YES;
				CLANG_WARN__DUPLICATE_METHOD_MATCH = YES;
				COPY_PHASE_STRIP = NO;
				DEBUG_INFORMATION_FORMAT = "dwarf-with-dsym";
				ENABLE_NS_ASSERTIONS = NO;
				ENABLE_STRICT_OBJC_MSGSEND = YES;
				GCC_C_LANGUAGE_STANDARD = gnu11;
				GCC_NO_COMMON_BLOCKS = YES;
				GCC_WARN_64_TO_32_BIT_CONVERSION = YES;
				GCC_WARN_ABOUT_RETURN_TYPE = YES_ERROR;
				GCC_WARN_UNDECLARED_SELECTOR = YES;
				GCC_WARN_UNINITIALIZED_AUTOS = YES_AGGRESSIVE;
				GCC_WARN_UNUSED_FUNCTION = YES;
				GCC_WARN_UNUSED_VARIABLE = YES;
				IPHONEOS_DEPLOYMENT_TARGET = 13.4;
				MTL_ENABLE_DEBUG_INFO = NO;
				MTL_FAST_MATH = YES;
				SDKROOT = iphoneos;
				VALIDATE_PRODUCT = YES;
			};
			name = Release;
		};
		1AE4016C242E532600CF998B /* Debug */ = {
			isa = XCBuildConfiguration;
			baseConfigurationReference = A6505B00389A819A996AEB8D /* Pods-Pokejective-C.debug.xcconfig */;
			buildSettings = {
				ASSETCATALOG_COMPILER_APPICON_NAME = AppIcon;
				CODE_SIGN_STYLE = Automatic;
				DEVELOPMENT_TEAM = 6SYENEWMJ7;
				INFOPLIST_FILE = "Pokejective-C/Info.plist";
				LD_RUNPATH_SEARCH_PATHS = (
					"$(inherited)",
					"@executable_path/Frameworks",
				);
				PRODUCT_BUNDLE_IDENTIFIER = "com.AaronClevleand.Pokejective-C";
				PRODUCT_NAME = "$(TARGET_NAME)";
				TARGETED_DEVICE_FAMILY = "1,2";
			};
			name = Debug;
		};
		1AE4016D242E532600CF998B /* Release */ = {
			isa = XCBuildConfiguration;
			baseConfigurationReference = 586172DDF4AD15E84D199E14 /* Pods-Pokejective-C.release.xcconfig */;
			buildSettings = {
				ASSETCATALOG_COMPILER_APPICON_NAME = AppIcon;
				CODE_SIGN_STYLE = Automatic;
				DEVELOPMENT_TEAM = 6SYENEWMJ7;
				INFOPLIST_FILE = "Pokejective-C/Info.plist";
				LD_RUNPATH_SEARCH_PATHS = (
					"$(inherited)",
					"@executable_path/Frameworks",
				);
				PRODUCT_BUNDLE_IDENTIFIER = "com.AaronClevleand.Pokejective-C";
				PRODUCT_NAME = "$(TARGET_NAME)";
				TARGETED_DEVICE_FAMILY = "1,2";
			};
			name = Release;
		};
/* End XCBuildConfiguration section */

/* Begin XCConfigurationList section */
		1AE4014D242E532500CF998B /* Build configuration list for PBXProject "Pokejective-C" */ = {
			isa = XCConfigurationList;
			buildConfigurations = (
				1AE40169242E532600CF998B /* Debug */,
				1AE4016A242E532600CF998B /* Release */,
			);
			defaultConfigurationIsVisible = 0;
			defaultConfigurationName = Release;
		};
		1AE4016B242E532600CF998B /* Build configuration list for PBXNativeTarget "Pokejective-C" */ = {
			isa = XCConfigurationList;
			buildConfigurations = (
				1AE4016C242E532600CF998B /* Debug */,
				1AE4016D242E532600CF998B /* Release */,
			);
			defaultConfigurationIsVisible = 0;
			defaultConfigurationName = Release;
		};
/* End XCConfigurationList section */
	};
	rootObject = 1AE4014A242E532500CF998B /* Project object */;
}
