// !$*UTF8*$!
{
	archiveVersion = 1;
	classes = {
	};
	objectVersion = 50;
	objects = {

/* Begin PBXBuildFile section */
		27915C34249D0D0E00002355 /* AppDelegate.m in Sources */ = {isa = PBXBuildFile; fileRef = 27915C33249D0D0E00002355 /* AppDelegate.m */; };
		27915C37249D0D0E00002355 /* SceneDelegate.m in Sources */ = {isa = PBXBuildFile; fileRef = 27915C36249D0D0E00002355 /* SceneDelegate.m */; };
		27915C3D249D0D0E00002355 /* Main.storyboard in Resources */ = {isa = PBXBuildFile; fileRef = 27915C3B249D0D0E00002355 /* Main.storyboard */; };
		27915C3F249D0D1300002355 /* Assets.xcassets in Resources */ = {isa = PBXBuildFile; fileRef = 27915C3E249D0D1300002355 /* Assets.xcassets */; };
		27915C42249D0D1300002355 /* LaunchScreen.storyboard in Resources */ = {isa = PBXBuildFile; fileRef = 27915C40249D0D1300002355 /* LaunchScreen.storyboard */; };
		27915C45249D0D1300002355 /* main.m in Sources */ = {isa = PBXBuildFile; fileRef = 27915C44249D0D1300002355 /* main.m */; };
		27E8691A249D0FEE007D6A24 /* CMDPokemonTableViewController.m in Sources */ = {isa = PBXBuildFile; fileRef = 27E86919249D0FEE007D6A24 /* CMDPokemonTableViewController.m */; };
		27E8691D249D100C007D6A24 /* CMDPokemonDetailViewController.m in Sources */ = {isa = PBXBuildFile; fileRef = 27E8691C249D100C007D6A24 /* CMDPokemonDetailViewController.m */; };
/* End PBXBuildFile section */

/* Begin PBXFileReference section */
		27915C2F249D0D0E00002355 /* Pokedex.app */ = {isa = PBXFileReference; explicitFileType = wrapper.application; includeInIndex = 0; path = Pokedex.app; sourceTree = BUILT_PRODUCTS_DIR; };
		27915C32249D0D0E00002355 /* AppDelegate.h */ = {isa = PBXFileReference; lastKnownFileType = sourcecode.c.h; path = AppDelegate.h; sourceTree = "<group>"; };
		27915C33249D0D0E00002355 /* AppDelegate.m */ = {isa = PBXFileReference; lastKnownFileType = sourcecode.c.objc; path = AppDelegate.m; sourceTree = "<group>"; };
		27915C35249D0D0E00002355 /* SceneDelegate.h */ = {isa = PBXFileReference; lastKnownFileType = sourcecode.c.h; path = SceneDelegate.h; sourceTree = "<group>"; };
		27915C36249D0D0E00002355 /* SceneDelegate.m */ = {isa = PBXFileReference; lastKnownFileType = sourcecode.c.objc; path = SceneDelegate.m; sourceTree = "<group>"; };
		27915C3C249D0D0E00002355 /* Base */ = {isa = PBXFileReference; lastKnownFileType = file.storyboard; name = Base; path = Base.lproj/Main.storyboard; sourceTree = "<group>"; };
		27915C3E249D0D1300002355 /* Assets.xcassets */ = {isa = PBXFileReference; lastKnownFileType = folder.assetcatalog; path = Assets.xcassets; sourceTree = "<group>"; };
		27915C41249D0D1300002355 /* Base */ = {isa = PBXFileReference; lastKnownFileType = file.storyboard; name = Base; path = Base.lproj/LaunchScreen.storyboard; sourceTree = "<group>"; };
		27915C43249D0D1300002355 /* Info.plist */ = {isa = PBXFileReference; lastKnownFileType = text.plist.xml; path = Info.plist; sourceTree = "<group>"; };
		27915C44249D0D1300002355 /* main.m */ = {isa = PBXFileReference; lastKnownFileType = sourcecode.c.objc; path = main.m; sourceTree = "<group>"; };
		27E86918249D0FEE007D6A24 /* CMDPokemonTableViewController.h */ = {isa = PBXFileReference; lastKnownFileType = sourcecode.c.h; path = CMDPokemonTableViewController.h; sourceTree = "<group>"; };
		27E86919249D0FEE007D6A24 /* CMDPokemonTableViewController.m */ = {isa = PBXFileReference; lastKnownFileType = sourcecode.c.objc; path = CMDPokemonTableViewController.m; sourceTree = "<group>"; };
		27E8691B249D100C007D6A24 /* CMDPokemonDetailViewController.h */ = {isa = PBXFileReference; lastKnownFileType = sourcecode.c.h; path = CMDPokemonDetailViewController.h; sourceTree = "<group>"; };
		27E8691C249D100C007D6A24 /* CMDPokemonDetailViewController.m */ = {isa = PBXFileReference; lastKnownFileType = sourcecode.c.objc; path = CMDPokemonDetailViewController.m; sourceTree = "<group>"; };
/* End PBXFileReference section */

/* Begin PBXFrameworksBuildPhase section */
		27915C2C249D0D0E00002355 /* Frameworks */ = {
			isa = PBXFrameworksBuildPhase;
			buildActionMask = 2147483647;
			files = (
			);
			runOnlyForDeploymentPostprocessing = 0;
		};
/* End PBXFrameworksBuildPhase section */

/* Begin PBXGroup section */
		27915C26249D0D0E00002355 = {
			isa = PBXGroup;
			children = (
				27915C31249D0D0E00002355 /* Pokedex */,
				27915C30249D0D0E00002355 /* Products */,
			);
			sourceTree = "<group>";
		};
		27915C30249D0D0E00002355 /* Products */ = {
			isa = PBXGroup;
			children = (
				27915C2F249D0D0E00002355 /* Pokedex.app */,
			);
			name = Products;
			sourceTree = "<group>";
		};
		27915C31249D0D0E00002355 /* Pokedex */ = {
			isa = PBXGroup;
			children = (
				27E86917249D0FCB007D6A24 /* View Controllers */,
				27915C4B249D0D3100002355 /* Resources */,
				27915C3B249D0D0E00002355 /* Main.storyboard */,
			);
			path = Pokedex;
			sourceTree = "<group>";
		};
		27915C4B249D0D3100002355 /* Resources */ = {
			isa = PBXGroup;
			children = (
				27915C33249D0D0E00002355 /* AppDelegate.m */,
				27915C32249D0D0E00002355 /* AppDelegate.h */,
				27915C35249D0D0E00002355 /* SceneDelegate.h */,
				27915C36249D0D0E00002355 /* SceneDelegate.m */,
				27915C3E249D0D1300002355 /* Assets.xcassets */,
				27915C40249D0D1300002355 /* LaunchScreen.storyboard */,
				27915C43249D0D1300002355 /* Info.plist */,
				27915C44249D0D1300002355 /* main.m */,
			);
			path = Resources;
			sourceTree = "<group>";
		};
		27E86917249D0FCB007D6A24 /* View Controllers */ = {
			isa = PBXGroup;
			children = (
				27E86918249D0FEE007D6A24 /* CMDPokemonTableViewController.h */,
				27E86919249D0FEE007D6A24 /* CMDPokemonTableViewController.m */,
				27E8691B249D100C007D6A24 /* CMDPokemonDetailViewController.h */,
				27E8691C249D100C007D6A24 /* CMDPokemonDetailViewController.m */,
			);
			path = "View Controllers";
			sourceTree = "<group>";
		};
/* End PBXGroup section */

/* Begin PBXNativeTarget section */
		27915C2E249D0D0E00002355 /* Pokedex */ = {
			isa = PBXNativeTarget;
			buildConfigurationList = 27915C48249D0D1300002355 /* Build configuration list for PBXNativeTarget "Pokedex" */;
			buildPhases = (
				27915C2B249D0D0E00002355 /* Sources */,
				27915C2C249D0D0E00002355 /* Frameworks */,
				27915C2D249D0D0E00002355 /* Resources */,
			);
			buildRules = (
			);
			dependencies = (
			);
			name = Pokedex;
			productName = Pokedex;
			productReference = 27915C2F249D0D0E00002355 /* Pokedex.app */;
			productType = "com.apple.product-type.application";
		};
/* End PBXNativeTarget section */

/* Begin PBXProject section */
		27915C27249D0D0E00002355 /* Project object */ = {
			isa = PBXProject;
			attributes = {
				CLASSPREFIX = CMD;
				LastUpgradeCheck = 1150;
				ORGANIZATIONNAME = "Chris Dobek";
				TargetAttributes = {
					27915C2E249D0D0E00002355 = {
						CreatedOnToolsVersion = 11.5;
					};
				};
			};
			buildConfigurationList = 27915C2A249D0D0E00002355 /* Build configuration list for PBXProject "Pokedex" */;
			compatibilityVersion = "Xcode 9.3";
			developmentRegion = en;
			hasScannedForEncodings = 0;
			knownRegions = (
				en,
				Base,
			);
			mainGroup = 27915C26249D0D0E00002355;
			productRefGroup = 27915C30249D0D0E00002355 /* Products */;
			projectDirPath = "";
			projectRoot = "";
			targets = (
				27915C2E249D0D0E00002355 /* Pokedex */,
			);
		};
/* End PBXProject section */

/* Begin PBXResourcesBuildPhase section */
		27915C2D249D0D0E00002355 /* Resources */ = {
			isa = PBXResourcesBuildPhase;
			buildActionMask = 2147483647;
			files = (
				27915C42249D0D1300002355 /* LaunchScreen.storyboard in Resources */,
				27915C3F249D0D1300002355 /* Assets.xcassets in Resources */,
				27915C3D249D0D0E00002355 /* Main.storyboard in Resources */,
			);
			runOnlyForDeploymentPostprocessing = 0;
		};
/* End PBXResourcesBuildPhase section */

/* Begin PBXSourcesBuildPhase section */
		27915C2B249D0D0E00002355 /* Sources */ = {
			isa = PBXSourcesBuildPhase;
			buildActionMask = 2147483647;
			files = (
				27915C34249D0D0E00002355 /* AppDelegate.m in Sources */,
				27915C45249D0D1300002355 /* main.m in Sources */,
				27915C37249D0D0E00002355 /* SceneDelegate.m in Sources */,
				27E8691D249D100C007D6A24 /* CMDPokemonDetailViewController.m in Sources */,
				27E8691A249D0FEE007D6A24 /* CMDPokemonTableViewController.m in Sources */,
			);
			runOnlyForDeploymentPostprocessing = 0;
		};
/* End PBXSourcesBuildPhase section */

/* Begin PBXVariantGroup section */
		27915C3B249D0D0E00002355 /* Main.storyboard */ = {
			isa = PBXVariantGroup;
			children = (
				27915C3C249D0D0E00002355 /* Base */,
			);
			name = Main.storyboard;
			sourceTree = "<group>";
		};
		27915C40249D0D1300002355 /* LaunchScreen.storyboard */ = {
			isa = PBXVariantGroup;
			children = (
				27915C41249D0D1300002355 /* Base */,
			);
			name = LaunchScreen.storyboard;
			sourceTree = "<group>";
		};
/* End PBXVariantGroup section */

/* Begin XCBuildConfiguration section */
		27915C46249D0D1300002355 /* Debug */ = {
			isa = XCBuildConfiguration;
			buildSettings = {
				ALWAYS_SEARCH_USER_PATHS = NO;
				CLANG_ANALYZER_NONNULL = YES;
				CLANG_ANALYZER_NUMBER_OBJECT_CONVERSION = YES_AGGRESSIVE;
				CLANG_CXX_LANGUAGE_STANDARD = "gnu++14";
				CLANG_CXX_LIBRARY = "libc++";
				CLANG_ENABLE_MODULES = YES;
				CLANG_ENABLE_OBJC_ARC = YES;
				CLANG_ENABLE_OBJC_WEAK = YES;
				CLANG_WARN_BLOCK_CAPTURE_AUTORELEASING = YES;
				CLANG_WARN_BOOL_CONVERSION = YES;
				CLANG_WARN_COMMA = YES;
				CLANG_WARN_CONSTANT_CONVERSION = YES;
				CLANG_WARN_DEPRECATED_OBJC_IMPLEMENTATIONS = YES;
				CLANG_WARN_DIRECT_OBJC_ISA_USAGE = YES_ERROR;
				CLANG_WARN_DOCUMENTATION_COMMENTS = YES;
				CLANG_WARN_EMPTY_BODY = YES;
				CLANG_WARN_ENUM_CONVERSION = YES;
				CLANG_WARN_INFINITE_RECURSION = YES;
				CLANG_WARN_INT_CONVERSION = YES;
				CLANG_WARN_NON_LITERAL_NULL_CONVERSION = YES;
				CLANG_WARN_OBJC_IMPLICIT_RETAIN_SELF = YES;
				CLANG_WARN_OBJC_LITERAL_CONVERSION = YES;
				CLANG_WARN_OBJC_ROOT_CLASS = YES_ERROR;
				CLANG_WARN_RANGE_LOOP_ANALYSIS = YES;
				CLANG_WARN_STRICT_PROTOTYPES = YES;
				CLANG_WARN_SUSPICIOUS_MOVE = YES;
				CLANG_WARN_UNGUARDED_AVAILABILITY = YES_AGGRESSIVE;
				CLANG_WARN_UNREACHABLE_CODE = YES;
				CLANG_WARN__DUPLICATE_METHOD_MATCH = YES;
				COPY_PHASE_STRIP = NO;
				DEBUG_INFORMATION_FORMAT = dwarf;
				ENABLE_STRICT_OBJC_MSGSEND = YES;
				ENABLE_TESTABILITY = YES;
				GCC_C_LANGUAGE_STANDARD = gnu11;
				GCC_DYNAMIC_NO_PIC = NO;
				GCC_NO_COMMON_BLOCKS = YES;
				GCC_OPTIMIZATION_LEVEL = 0;
				GCC_PREPROCESSOR_DEFINITIONS = (
					"DEBUG=1",
					"$(inherited)",
				);
				GCC_WARN_64_TO_32_BIT_CONVERSION = YES;
				GCC_WARN_ABOUT_RETURN_TYPE = YES_ERROR;
				GCC_WARN_UNDECLARED_SELECTOR = YES;
				GCC_WARN_UNINITIALIZED_AUTOS = YES_AGGRESSIVE;
				GCC_WARN_UNUSED_FUNCTION = YES;
				GCC_WARN_UNUSED_VARIABLE = YES;
				IPHONEOS_DEPLOYMENT_TARGET = 13.5;
				MTL_ENABLE_DEBUG_INFO = INCLUDE_SOURCE;
				MTL_FAST_MATH = YES;
				ONLY_ACTIVE_ARCH = YES;
				SDKROOT = iphoneos;
			};
			name = Debug;
		};
		27915C47249D0D1300002355 /* Release */ = {
			isa = XCBuildConfiguration;
			buildSettings = {
				ALWAYS_SEARCH_USER_PATHS = NO;
				CLANG_ANALYZER_NONNULL = YES;
				CLANG_ANALYZER_NUMBER_OBJECT_CONVERSION = YES_AGGRESSIVE;
				CLANG_CXX_LANGUAGE_STANDARD = "gnu++14";
				CLANG_CXX_LIBRARY = "libc++";
				CLANG_ENABLE_MODULES = YES;
				CLANG_ENABLE_OBJC_ARC = YES;
				CLANG_ENABLE_OBJC_WEAK = YES;
				CLANG_WARN_BLOCK_CAPTURE_AUTORELEASING = YES;
				CLANG_WARN_BOOL_CONVERSION = YES;
				CLANG_WARN_COMMA = YES;
				CLANG_WARN_CONSTANT_CONVERSION = YES;
				CLANG_WARN_DEPRECATED_OBJC_IMPLEMENTATIONS = YES;
				CLANG_WARN_DIRECT_OBJC_ISA_USAGE = YES_ERROR;
				CLANG_WARN_DOCUMENTATION_COMMENTS = YES;
				CLANG_WARN_EMPTY_BODY = YES;
				CLANG_WARN_ENUM_CONVERSION = YES;
				CLANG_WARN_INFINITE_RECURSION = YES;
				CLANG_WARN_INT_CONVERSION = YES;
				CLANG_WARN_NON_LITERAL_NULL_CONVERSION = YES;
				CLANG_WARN_OBJC_IMPLICIT_RETAIN_SELF = YES;
				CLANG_WARN_OBJC_LITERAL_CONVERSION = YES;
				CLANG_WARN_OBJC_ROOT_CLASS = YES_ERROR;
				CLANG_WARN_RANGE_LOOP_ANALYSIS = YES;
				CLANG_WARN_STRICT_PROTOTYPES = YES;
				CLANG_WARN_SUSPICIOUS_MOVE = YES;
				CLANG_WARN_UNGUARDED_AVAILABILITY = YES_AGGRESSIVE;
				CLANG_WARN_UNREACHABLE_CODE = YES;
				CLANG_WARN__DUPLICATE_METHOD_MATCH = YES;
				COPY_PHASE_STRIP = NO;
				DEBUG_INFORMATION_FORMAT = "dwarf-with-dsym";
				ENABLE_NS_ASSERTIONS = NO;
				ENABLE_STRICT_OBJC_MSGSEND = YES;
				GCC_C_LANGUAGE_STANDARD = gnu11;
				GCC_NO_COMMON_BLOCKS = YES;
				GCC_WARN_64_TO_32_BIT_CONVERSION = YES;
				GCC_WARN_ABOUT_RETURN_TYPE = YES_ERROR;
				GCC_WARN_UNDECLARED_SELECTOR = YES;
				GCC_WARN_UNINITIALIZED_AUTOS = YES_AGGRESSIVE;
				GCC_WARN_UNUSED_FUNCTION = YES;
				GCC_WARN_UNUSED_VARIABLE = YES;
				IPHONEOS_DEPLOYMENT_TARGET = 13.5;
				MTL_ENABLE_DEBUG_INFO = NO;
				MTL_FAST_MATH = YES;
				SDKROOT = iphoneos;
				VALIDATE_PRODUCT = YES;
			};
			name = Release;
		};
		27915C49249D0D1300002355 /* Debug */ = {
			isa = XCBuildConfiguration;
			buildSettings = {
				ASSETCATALOG_COMPILER_APPICON_NAME = AppIcon;
				CODE_SIGN_STYLE = Automatic;
				INFOPLIST_FILE = Pokedex/Resources/Info.plist;
				LD_RUNPATH_SEARCH_PATHS = (
					"$(inherited)",
					"@executable_path/Frameworks",
				);
				PRODUCT_BUNDLE_IDENTIFIER = com.chrisdobek.Pokedex;
				PRODUCT_NAME = "$(TARGET_NAME)";
				TARGETED_DEVICE_FAMILY = "1,2";
			};
			name = Debug;
		};
		27915C4A249D0D1300002355 /* Release */ = {
			isa = XCBuildConfiguration;
			buildSettings = {
				ASSETCATALOG_COMPILER_APPICON_NAME = AppIcon;
				CODE_SIGN_STYLE = Automatic;
				INFOPLIST_FILE = Pokedex/Resources/Info.plist;
				LD_RUNPATH_SEARCH_PATHS = (
					"$(inherited)",
					"@executable_path/Frameworks",
				);
				PRODUCT_BUNDLE_IDENTIFIER = com.chrisdobek.Pokedex;
				PRODUCT_NAME = "$(TARGET_NAME)";
				TARGETED_DEVICE_FAMILY = "1,2";
			};
			name = Release;
		};
/* End XCBuildConfiguration section */

/* Begin XCConfigurationList section */
		27915C2A249D0D0E00002355 /* Build configuration list for PBXProject "Pokedex" */ = {
			isa = XCConfigurationList;
			buildConfigurations = (
				27915C46249D0D1300002355 /* Debug */,
				27915C47249D0D1300002355 /* Release */,
			);
			defaultConfigurationIsVisible = 0;
			defaultConfigurationName = Release;
		};
		27915C48249D0D1300002355 /* Build configuration list for PBXNativeTarget "Pokedex" */ = {
			isa = XCConfigurationList;
			buildConfigurations = (
				27915C49249D0D1300002355 /* Debug */,
				27915C4A249D0D1300002355 /* Release */,
			);
			defaultConfigurationIsVisible = 0;
			defaultConfigurationName = Release;
		};
/* End XCConfigurationList section */
	};
	rootObject = 27915C27249D0D0E00002355 /* Project object */;
}
