// !$*UTF8*$!
{
	archiveVersion = 1;
	classes = {
	};
	objectVersion = 50;
	objects = {

/* Begin PBXBuildFile section */
		635E93DF2409720A006AD075 /* AppDelegate.m in Sources */ = {isa = PBXBuildFile; fileRef = 635E93DE2409720A006AD075 /* AppDelegate.m */; };
		635E93E22409720A006AD075 /* SceneDelegate.m in Sources */ = {isa = PBXBuildFile; fileRef = 635E93E12409720A006AD075 /* SceneDelegate.m */; };
		635E93E82409720A006AD075 /* Main.storyboard in Resources */ = {isa = PBXBuildFile; fileRef = 635E93E62409720A006AD075 /* Main.storyboard */; };
		635E93EA2409720B006AD075 /* Assets.xcassets in Resources */ = {isa = PBXBuildFile; fileRef = 635E93E92409720B006AD075 /* Assets.xcassets */; };
		635E93ED2409720B006AD075 /* LaunchScreen.storyboard in Resources */ = {isa = PBXBuildFile; fileRef = 635E93EB2409720B006AD075 /* LaunchScreen.storyboard */; };
		635E93F02409720B006AD075 /* main.m in Sources */ = {isa = PBXBuildFile; fileRef = 635E93EF2409720B006AD075 /* main.m */; };
/* End PBXBuildFile section */

/* Begin PBXFileReference section */
		635E93DA2409720A006AD075 /* CARPokedex-Objc.app */ = {isa = PBXFileReference; explicitFileType = wrapper.application; includeInIndex = 0; path = "CARPokedex-Objc.app"; sourceTree = BUILT_PRODUCTS_DIR; };
		635E93DD2409720A006AD075 /* AppDelegate.h */ = {isa = PBXFileReference; lastKnownFileType = sourcecode.c.h; path = AppDelegate.h; sourceTree = "<group>"; };
		635E93DE2409720A006AD075 /* AppDelegate.m */ = {isa = PBXFileReference; lastKnownFileType = sourcecode.c.objc; path = AppDelegate.m; sourceTree = "<group>"; };
		635E93E02409720A006AD075 /* SceneDelegate.h */ = {isa = PBXFileReference; lastKnownFileType = sourcecode.c.h; path = SceneDelegate.h; sourceTree = "<group>"; };
		635E93E12409720A006AD075 /* SceneDelegate.m */ = {isa = PBXFileReference; lastKnownFileType = sourcecode.c.objc; path = SceneDelegate.m; sourceTree = "<group>"; };
		635E93E72409720A006AD075 /* Base */ = {isa = PBXFileReference; lastKnownFileType = file.storyboard; name = Base; path = Base.lproj/Main.storyboard; sourceTree = "<group>"; };
		635E93E92409720B006AD075 /* Assets.xcassets */ = {isa = PBXFileReference; lastKnownFileType = folder.assetcatalog; path = Assets.xcassets; sourceTree = "<group>"; };
		635E93EC2409720B006AD075 /* Base */ = {isa = PBXFileReference; lastKnownFileType = file.storyboard; name = Base; path = Base.lproj/LaunchScreen.storyboard; sourceTree = "<group>"; };
		635E93EE2409720B006AD075 /* Info.plist */ = {isa = PBXFileReference; lastKnownFileType = text.plist.xml; path = Info.plist; sourceTree = "<group>"; };
		635E93EF2409720B006AD075 /* main.m */ = {isa = PBXFileReference; lastKnownFileType = sourcecode.c.objc; path = main.m; sourceTree = "<group>"; };
/* End PBXFileReference section */

/* Begin PBXFrameworksBuildPhase section */
		635E93D72409720A006AD075 /* Frameworks */ = {
			isa = PBXFrameworksBuildPhase;
			buildActionMask = 2147483647;
			files = (
			);
			runOnlyForDeploymentPostprocessing = 0;
		};
/* End PBXFrameworksBuildPhase section */

/* Begin PBXGroup section */
		635E93D12409720A006AD075 = {
			isa = PBXGroup;
			children = (
				635E93DC2409720A006AD075 /* CARPokedex-Objc */,
				635E93DB2409720A006AD075 /* Products */,
			);
			sourceTree = "<group>";
		};
		635E93DB2409720A006AD075 /* Products */ = {
			isa = PBXGroup;
			children = (
				635E93DA2409720A006AD075 /* CARPokedex-Objc.app */,
			);
			name = Products;
			sourceTree = "<group>";
		};
		635E93DC2409720A006AD075 /* CARPokedex-Objc */ = {
			isa = PBXGroup;
			children = (
				635E93FA24097258006AD075 /* Model */,
				635E93F924097251006AD075 /* View */,
				635E93F72409722E006AD075 /* Controller */,
				635E93F624097217006AD075 /* Support */,
			);
			path = "CARPokedex-Objc";
			sourceTree = "<group>";
		};
		635E93F624097217006AD075 /* Support */ = {
			isa = PBXGroup;
			children = (
				635E93DD2409720A006AD075 /* AppDelegate.h */,
				635E93DE2409720A006AD075 /* AppDelegate.m */,
				635E93E02409720A006AD075 /* SceneDelegate.h */,
				635E93E12409720A006AD075 /* SceneDelegate.m */,
				635E93E92409720B006AD075 /* Assets.xcassets */,
				635E93EE2409720B006AD075 /* Info.plist */,
				635E93EF2409720B006AD075 /* main.m */,
			);
			path = Support;
			sourceTree = "<group>";
		};
		635E93F72409722E006AD075 /* Controller */ = {
			isa = PBXGroup;
			children = (
			);
			path = Controller;
			sourceTree = "<group>";
		};
		635E93F824097241006AD075 /* Storyboards */ = {
			isa = PBXGroup;
			children = (
				635E93E62409720A006AD075 /* Main.storyboard */,
				635E93EB2409720B006AD075 /* LaunchScreen.storyboard */,
			);
			path = Storyboards;
			sourceTree = "<group>";
		};
		635E93F924097251006AD075 /* View */ = {
			isa = PBXGroup;
			children = (
				635E93F824097241006AD075 /* Storyboards */,
			);
			path = View;
			sourceTree = "<group>";
		};
		635E93FA24097258006AD075 /* Model */ = {
			isa = PBXGroup;
			children = (
			);
			path = Model;
			sourceTree = "<group>";
		};
/* End PBXGroup section */

/* Begin PBXNativeTarget section */
		635E93D92409720A006AD075 /* CARPokedex-Objc */ = {
			isa = PBXNativeTarget;
			buildConfigurationList = 635E93F32409720B006AD075 /* Build configuration list for PBXNativeTarget "CARPokedex-Objc" */;
			buildPhases = (
				635E93D62409720A006AD075 /* Sources */,
				635E93D72409720A006AD075 /* Frameworks */,
				635E93D82409720A006AD075 /* Resources */,
			);
			buildRules = (
			);
			dependencies = (
			);
			name = "CARPokedex-Objc";
			productName = "CARPokedex-Objc";
			productReference = 635E93DA2409720A006AD075 /* CARPokedex-Objc.app */;
			productType = "com.apple.product-type.application";
		};
/* End PBXNativeTarget section */

/* Begin PBXProject section */
		635E93D22409720A006AD075 /* Project object */ = {
			isa = PBXProject;
			attributes = {
				LastUpgradeCheck = 1140;
				ORGANIZATIONNAME = "Chad Rutherford";
				TargetAttributes = {
					635E93D92409720A006AD075 = {
						CreatedOnToolsVersion = 11.4;
					};
				};
			};
			buildConfigurationList = 635E93D52409720A006AD075 /* Build configuration list for PBXProject "CARPokedex-Objc" */;
			compatibilityVersion = "Xcode 9.3";
			developmentRegion = en;
			hasScannedForEncodings = 0;
			knownRegions = (
				en,
				Base,
			);
			mainGroup = 635E93D12409720A006AD075;
			productRefGroup = 635E93DB2409720A006AD075 /* Products */;
			projectDirPath = "";
			projectRoot = "";
			targets = (
				635E93D92409720A006AD075 /* CARPokedex-Objc */,
			);
		};
/* End PBXProject section */

/* Begin PBXResourcesBuildPhase section */
		635E93D82409720A006AD075 /* Resources */ = {
			isa = PBXResourcesBuildPhase;
			buildActionMask = 2147483647;
			files = (
				635E93ED2409720B006AD075 /* LaunchScreen.storyboard in Resources */,
				635E93EA2409720B006AD075 /* Assets.xcassets in Resources */,
				635E93E82409720A006AD075 /* Main.storyboard in Resources */,
			);
			runOnlyForDeploymentPostprocessing = 0;
		};
/* End PBXResourcesBuildPhase section */

/* Begin PBXSourcesBuildPhase section */
		635E93D62409720A006AD075 /* Sources */ = {
			isa = PBXSourcesBuildPhase;
			buildActionMask = 2147483647;
			files = (
				635E93DF2409720A006AD075 /* AppDelegate.m in Sources */,
				635E93F02409720B006AD075 /* main.m in Sources */,
				635E93E22409720A006AD075 /* SceneDelegate.m in Sources */,
			);
			runOnlyForDeploymentPostprocessing = 0;
		};
/* End PBXSourcesBuildPhase section */

/* Begin PBXVariantGroup section */
		635E93E62409720A006AD075 /* Main.storyboard */ = {
			isa = PBXVariantGroup;
			children = (
				635E93E72409720A006AD075 /* Base */,
			);
			name = Main.storyboard;
			sourceTree = "<group>";
		};
		635E93EB2409720B006AD075 /* LaunchScreen.storyboard */ = {
			isa = PBXVariantGroup;
			children = (
				635E93EC2409720B006AD075 /* Base */,
			);
			name = LaunchScreen.storyboard;
			sourceTree = "<group>";
		};
/* End PBXVariantGroup section */

/* Begin XCBuildConfiguration section */
		635E93F12409720B006AD075 /* Debug */ = {
			isa = XCBuildConfiguration;
			buildSettings = {
				ALWAYS_SEARCH_USER_PATHS = NO;
				CLANG_ANALYZER_NONNULL = YES;
				CLANG_ANALYZER_NUMBER_OBJECT_CONVERSION = YES_AGGRESSIVE;
				CLANG_CXX_LANGUAGE_STANDARD = "gnu++14";
				CLANG_CXX_LIBRARY = "libc++";
				CLANG_ENABLE_MODULES = YES;
				CLANG_ENABLE_OBJC_ARC = YES;
				CLANG_ENABLE_OBJC_WEAK = YES;
				CLANG_WARN_BLOCK_CAPTURE_AUTORELEASING = YES;
				CLANG_WARN_BOOL_CONVERSION = YES;
				CLANG_WARN_COMMA = YES;
				CLANG_WARN_CONSTANT_CONVERSION = YES;
				CLANG_WARN_DEPRECATED_OBJC_IMPLEMENTATIONS = YES;
				CLANG_WARN_DIRECT_OBJC_ISA_USAGE = YES_ERROR;
				CLANG_WARN_DOCUMENTATION_COMMENTS = YES;
				CLANG_WARN_EMPTY_BODY = YES;
				CLANG_WARN_ENUM_CONVERSION = YES;
				CLANG_WARN_INFINITE_RECURSION = YES;
				CLANG_WARN_INT_CONVERSION = YES;
				CLANG_WARN_NON_LITERAL_NULL_CONVERSION = YES;
				CLANG_WARN_OBJC_IMPLICIT_RETAIN_SELF = YES;
				CLANG_WARN_OBJC_LITERAL_CONVERSION = YES;
				CLANG_WARN_OBJC_ROOT_CLASS = YES_ERROR;
				CLANG_WARN_RANGE_LOOP_ANALYSIS = YES;
				CLANG_WARN_STRICT_PROTOTYPES = YES;
				CLANG_WARN_SUSPICIOUS_MOVE = YES;
				CLANG_WARN_UNGUARDED_AVAILABILITY = YES_AGGRESSIVE;
				CLANG_WARN_UNREACHABLE_CODE = YES;
				CLANG_WARN__DUPLICATE_METHOD_MATCH = YES;
				COPY_PHASE_STRIP = NO;
				DEBUG_INFORMATION_FORMAT = dwarf;
				ENABLE_STRICT_OBJC_MSGSEND = YES;
				ENABLE_TESTABILITY = YES;
				GCC_C_LANGUAGE_STANDARD = gnu11;
				GCC_DYNAMIC_NO_PIC = NO;
				GCC_NO_COMMON_BLOCKS = YES;
				GCC_OPTIMIZATION_LEVEL = 0;
				GCC_PREPROCESSOR_DEFINITIONS = (
					"DEBUG=1",
					"$(inherited)",
				);
				GCC_WARN_64_TO_32_BIT_CONVERSION = YES;
				GCC_WARN_ABOUT_RETURN_TYPE = YES_ERROR;
				GCC_WARN_UNDECLARED_SELECTOR = YES;
				GCC_WARN_UNINITIALIZED_AUTOS = YES_AGGRESSIVE;
				GCC_WARN_UNUSED_FUNCTION = YES;
				GCC_WARN_UNUSED_VARIABLE = YES;
				IPHONEOS_DEPLOYMENT_TARGET = 13.4;
				MTL_ENABLE_DEBUG_INFO = INCLUDE_SOURCE;
				MTL_FAST_MATH = YES;
				ONLY_ACTIVE_ARCH = YES;
				SDKROOT = iphoneos;
			};
			name = Debug;
		};
		635E93F22409720B006AD075 /* Release */ = {
			isa = XCBuildConfiguration;
			buildSettings = {
				ALWAYS_SEARCH_USER_PATHS = NO;
				CLANG_ANALYZER_NONNULL = YES;
				CLANG_ANALYZER_NUMBER_OBJECT_CONVERSION = YES_AGGRESSIVE;
				CLANG_CXX_LANGUAGE_STANDARD = "gnu++14";
				CLANG_CXX_LIBRARY = "libc++";
				CLANG_ENABLE_MODULES = YES;
				CLANG_ENABLE_OBJC_ARC = YES;
				CLANG_ENABLE_OBJC_WEAK = YES;
				CLANG_WARN_BLOCK_CAPTURE_AUTORELEASING = YES;
				CLANG_WARN_BOOL_CONVERSION = YES;
				CLANG_WARN_COMMA = YES;
				CLANG_WARN_CONSTANT_CONVERSION = YES;
				CLANG_WARN_DEPRECATED_OBJC_IMPLEMENTATIONS = YES;
				CLANG_WARN_DIRECT_OBJC_ISA_USAGE = YES_ERROR;
				CLANG_WARN_DOCUMENTATION_COMMENTS = YES;
				CLANG_WARN_EMPTY_BODY = YES;
				CLANG_WARN_ENUM_CONVERSION = YES;
				CLANG_WARN_INFINITE_RECURSION = YES;
				CLANG_WARN_INT_CONVERSION = YES;
				CLANG_WARN_NON_LITERAL_NULL_CONVERSION = YES;
				CLANG_WARN_OBJC_IMPLICIT_RETAIN_SELF = YES;
				CLANG_WARN_OBJC_LITERAL_CONVERSION = YES;
				CLANG_WARN_OBJC_ROOT_CLASS = YES_ERROR;
				CLANG_WARN_RANGE_LOOP_ANALYSIS = YES;
				CLANG_WARN_STRICT_PROTOTYPES = YES;
				CLANG_WARN_SUSPICIOUS_MOVE = YES;
				CLANG_WARN_UNGUARDED_AVAILABILITY = YES_AGGRESSIVE;
				CLANG_WARN_UNREACHABLE_CODE = YES;
				CLANG_WARN__DUPLICATE_METHOD_MATCH = YES;
				COPY_PHASE_STRIP = NO;
				DEBUG_INFORMATION_FORMAT = "dwarf-with-dsym";
				ENABLE_NS_ASSERTIONS = NO;
				ENABLE_STRICT_OBJC_MSGSEND = YES;
				GCC_C_LANGUAGE_STANDARD = gnu11;
				GCC_NO_COMMON_BLOCKS = YES;
				GCC_WARN_64_TO_32_BIT_CONVERSION = YES;
				GCC_WARN_ABOUT_RETURN_TYPE = YES_ERROR;
				GCC_WARN_UNDECLARED_SELECTOR = YES;
				GCC_WARN_UNINITIALIZED_AUTOS = YES_AGGRESSIVE;
				GCC_WARN_UNUSED_FUNCTION = YES;
				GCC_WARN_UNUSED_VARIABLE = YES;
				IPHONEOS_DEPLOYMENT_TARGET = 13.4;
				MTL_ENABLE_DEBUG_INFO = NO;
				MTL_FAST_MATH = YES;
				SDKROOT = iphoneos;
				VALIDATE_PRODUCT = YES;
			};
			name = Release;
		};
		635E93F42409720B006AD075 /* Debug */ = {
			isa = XCBuildConfiguration;
			buildSettings = {
				ASSETCATALOG_COMPILER_APPICON_NAME = AppIcon;
				CODE_SIGN_STYLE = Automatic;
				DEVELOPMENT_TEAM = VXUQXR6S56;
				INFOPLIST_FILE = "CARPokedex-Objc/Info.plist";
				LD_RUNPATH_SEARCH_PATHS = (
					"$(inherited)",
					"@executable_path/Frameworks",
				);
				PRODUCT_BUNDLE_IDENTIFIER = "com.lambdaSchool.CARPokedex-Objc";
				PRODUCT_NAME = "$(TARGET_NAME)";
				TARGETED_DEVICE_FAMILY = "1,2";
			};
			name = Debug;
		};
		635E93F52409720B006AD075 /* Release */ = {
			isa = XCBuildConfiguration;
			buildSettings = {
				ASSETCATALOG_COMPILER_APPICON_NAME = AppIcon;
				CODE_SIGN_STYLE = Automatic;
				DEVELOPMENT_TEAM = VXUQXR6S56;
				INFOPLIST_FILE = "CARPokedex-Objc/Info.plist";
				LD_RUNPATH_SEARCH_PATHS = (
					"$(inherited)",
					"@executable_path/Frameworks",
				);
				PRODUCT_BUNDLE_IDENTIFIER = "com.lambdaSchool.CARPokedex-Objc";
				PRODUCT_NAME = "$(TARGET_NAME)";
				TARGETED_DEVICE_FAMILY = "1,2";
			};
			name = Release;
		};
/* End XCBuildConfiguration section */

/* Begin XCConfigurationList section */
		635E93D52409720A006AD075 /* Build configuration list for PBXProject "CARPokedex-Objc" */ = {
			isa = XCConfigurationList;
			buildConfigurations = (
				635E93F12409720B006AD075 /* Debug */,
				635E93F22409720B006AD075 /* Release */,
			);
			defaultConfigurationIsVisible = 0;
			defaultConfigurationName = Release;
		};
		635E93F32409720B006AD075 /* Build configuration list for PBXNativeTarget "CARPokedex-Objc" */ = {
			isa = XCConfigurationList;
			buildConfigurations = (
				635E93F42409720B006AD075 /* Debug */,
				635E93F52409720B006AD075 /* Release */,
			);
			defaultConfigurationIsVisible = 0;
			defaultConfigurationName = Release;
		};
/* End XCConfigurationList section */
	};
	rootObject = 635E93D22409720A006AD075 /* Project object */;
}
